// !$*UTF8*$!
{
	archiveVersion = 1;
	classes = {
	};
	objectVersion = 42;
	objects = {

/* Begin PBXBuildFile section */
		E3459C1B0C4437E500E44DB7 /* hndpmu.c in Sources */ = {isa = PBXBuildFile; fileRef = E3459C1A0C4437E500E44DB7 /* hndpmu.c */; };
		E36ECCBF0B8E3D4F007E19DE /* dhd_macos.cpp in Sources */ = {isa = PBXBuildFile; fileRef = E36ECCBC0B8E3D4F007E19DE /* dhd_macos.cpp */; };
		E36ECCC00B8E3D4F007E19DE /* dhd_usb_macos.cpp in Sources */ = {isa = PBXBuildFile; fileRef = E36ECCBD0B8E3D4F007E19DE /* dhd_usb_macos.cpp */; };
		E36ECCC10B8E3D4F007E19DE /* dhdioctl_kernel.cpp in Sources */ = {isa = PBXBuildFile; fileRef = E36ECCBE0B8E3D4F007E19DE /* dhdioctl_kernel.cpp */; };
		E3F4D0E40B8BBE1D0082058A /* dhd_cdc.c in Sources */ = {isa = PBXBuildFile; fileRef = E3F4D0E10B8BBE1D0082058A /* dhd_cdc.c */; };
		E3F4D0E50B8BBE1D0082058A /* dhd_common.c in Sources */ = {isa = PBXBuildFile; fileRef = E3F4D0E20B8BBE1D0082058A /* dhd_common.c */; };
		E3F4D0EA0B8BBE380082058A /* macosx_osl.cpp in Sources */ = {isa = PBXBuildFile; fileRef = E3F4D0E70B8BBE380082058A /* macosx_osl.cpp */; };
		E3F4D0EB0B8BBE380082058A /* nvramstubs.c in Sources */ = {isa = PBXBuildFile; fileRef = E3F4D0E80B8BBE380082058A /* nvramstubs.c */; };
		E3F4D0EC0B8BBE380082058A /* siutils.c in Sources */ = {isa = PBXBuildFile; fileRef = E3F4D0E90B8BBE380082058A /* siutils.c */; };
		E3F4D0EC0B8BBE380082058A /* sbutils.c in Sources */ = {isa = PBXBuildFile; fileRef = E3F4D0E90B8BBE380082058A /* sbutils.c */; };
		E3F4D0EC0B8BBE380082058A /* aiutils.c in Sources */ = {isa = PBXBuildFile; fileRef = E3F4D0E90B8BBE380082058A /* aiutils.c */; };
		E3F4D0EF0B8BBE680082058A /* bcmsrom.c in Sources */ = {isa = PBXBuildFile; fileRef = E3F4D0ED0B8BBE680082058A /* bcmsrom.c */; };
		E3F4D0F00B8BBE680082058A /* bcmutils.c in Sources */ = {isa = PBXBuildFile; fileRef = E3F4D0EE0B8BBE680082058A /* bcmutils.c */; };
		E3F4D0F20B8BBE680082058A /* dhd_ip.c in Sources */ = {isa = PBXBuildFile; fileRef = E3F4D0F10B8BBE680082058A /* dhd_ip.c */; };
		E3F4D0F40B8BBE680082058A /* dhd_wlfc.c in Sources */ = {isa = PBXBuildFile; fileRef = E3F4D0F30B8BBE680082058A /* dhd_wlfc.c */; };
/* End PBXBuildFile section */

/* Begin PBXFileReference section */
		32D94FCF0562CBF700B6AF17 /* dhd_usb.plist */ = {isa = PBXFileReference; lastKnownFileType = text.xml; path = dhd_usb.plist; sourceTree = "<group>"; };
		32D94FD00562CBF700B6AF17 /* dhd_usb.kext */ = {isa = PBXFileReference; explicitFileType = wrapper.cfbundle; includeInIndex = 0; path = dhd_usb.kext; sourceTree = BUILT_PRODUCTS_DIR; };
		8DA8362C06AD9B9200E5AC22 /* Kernel.framework */ = {isa = PBXFileReference; lastKnownFileType = wrapper.framework; name = Kernel.framework; path = /System/Library/Frameworks/Kernel.framework; sourceTree = "<absolute>"; };
		E3459C1A0C4437E500E44DB7 /* hndpmu.c */ = {isa = PBXFileReference; fileEncoding = 30; lastKnownFileType = sourcecode.c.c; name = hndpmu.c; path = ../../shared/hndpmu.c; sourceTree = SOURCE_ROOT; };
		E36ECCBC0B8E3D4F007E19DE /* dhd_macos.cpp */ = {isa = PBXFileReference; fileEncoding = 30; lastKnownFileType = sourcecode.cpp.cpp; name = dhd_macos.cpp; path = ../sys/dhd_macos.cpp; sourceTree = SOURCE_ROOT; };
		E36ECCBD0B8E3D4F007E19DE /* dhd_usb_macos.cpp */ = {isa = PBXFileReference; fileEncoding = 30; lastKnownFileType = sourcecode.cpp.cpp; name = dhd_usb_macos.cpp; path = ../sys/dhd_usb_macos.cpp; sourceTree = SOURCE_ROOT; };
		E36ECCBE0B8E3D4F007E19DE /* dhdioctl_kernel.cpp */ = {isa = PBXFileReference; fileEncoding = 30; lastKnownFileType = sourcecode.cpp.cpp; name = dhdioctl_kernel.cpp; path = ../sys/dhdioctl_kernel.cpp; sourceTree = SOURCE_ROOT; };
		E3F4D0E10B8BBE1D0082058A /* dhd_cdc.c */ = {isa = PBXFileReference; fileEncoding = 30; lastKnownFileType = sourcecode.c.c; name = dhd_cdc.c; path = ../sys/dhd_cdc.c; sourceTree = SOURCE_ROOT; };
		E3F4D0E20B8BBE1D0082058A /* dhd_common.c */ = {isa = PBXFileReference; fileEncoding = 30; lastKnownFileType = sourcecode.c.c; name = dhd_common.c; path = ../sys/dhd_common.c; sourceTree = SOURCE_ROOT; };
		E3F4D0E70B8BBE380082058A /* macosx_osl.cpp */ = {isa = PBXFileReference; fileEncoding = 30; lastKnownFileType = sourcecode.cpp.cpp; name = macosx_osl.cpp; path = ../../shared/macosx_osl.cpp; sourceTree = SOURCE_ROOT; };
		E3F4D0E80B8BBE380082058A /* nvramstubs.c */ = {isa = PBXFileReference; fileEncoding = 30; lastKnownFileType = sourcecode.c.c; name = nvramstubs.c; path = ../../shared/nvramstubs.c; sourceTree = SOURCE_ROOT; };
		E3F4D0E90B8BBE380082058A /* siutils.c */ = {isa = PBXFileReference; fileEncoding = 30; lastKnownFileType = sourcecode.c.c; name = siutils.c; path = ../../shared/siutils.c; sourceTree = SOURCE_ROOT; };
		E3F4D0E90B8BBE380082058A /* sbutils.c */ = {isa = PBXFileReference; fileEncoding = 30; lastKnownFileType = sourcecode.c.c; name = sbutils.c; path = ../../shared/sbutils.c; sourceTree = SOURCE_ROOT; };
		E3F4D0E90B8BBE380082058A /* aiutils.c */ = {isa = PBXFileReference; fileEncoding = 30; lastKnownFileType = sourcecode.c.c; name = aiutils.c; path = ../../shared/aiutils.c; sourceTree = SOURCE_ROOT; };
		E3F4D0ED0B8BBE680082058A /* bcmsrom.c */ = {isa = PBXFileReference; fileEncoding = 30; lastKnownFileType = sourcecode.c.c; name = bcmsrom.c; path = ../../shared/bcmsrom.c; sourceTree = SOURCE_ROOT; };
		E3F4D0EE0B8BBE680082058A /* bcmutils.c */ = {isa = PBXFileReference; fileEncoding = 30; lastKnownFileType = sourcecode.c.c; name = bcmutils.c; path = ../../shared/bcmutils.c; sourceTree = SOURCE_ROOT; };
		E3F4D0F10B8BBE680082058A /* dhd_ip.c */ = {isa = PBXFileReference; fileEncoding = 30; lastKnownFileType = sourcecode.c.c; name = dhd_ip.c; path = ../../shared/dhd_ip.c; sourceTree = SOURCE_ROOT; };
		E3F4D0F30B8BBE680082058A /* dhd_wlfc.c */ = {isa = PBXFileReference; fileEncoding = 30; lastKnownFileType = sourcecode.c.c; name = dhd_wlfc.c; path = ../../shared/dhd_wlfc.c; sourceTree = SOURCE_ROOT; };
/* End PBXFileReference section */

/* Begin PBXFrameworksBuildPhase section */
		32D94FCB0562CBF700B6AF17 /* Frameworks */ = {
			isa = PBXFrameworksBuildPhase;
			buildActionMask = 2147483647;
			files = (
			);
			runOnlyForDeploymentPostprocessing = 0;
		};
/* End PBXFrameworksBuildPhase section */

/* Begin PBXGroup section */
		089C166AFE841209C02AAC07 /* dhd_usb */ = {
			isa = PBXGroup;
			children = (
				247142CAFF3F8F9811CA285C /* Source */,
				8DA8362C06AD9B9200E5AC22 /* Kernel.framework */,
				089C167CFE841241C02AAC07 /* Resources */,
				19C28FB6FE9D52B211CA2CBB /* Products */,
			);
			name = dhd_usb;
			sourceTree = "<group>";
		};
		089C167CFE841241C02AAC07 /* Resources */ = {
			isa = PBXGroup;
			children = (
				32D94FCF0562CBF700B6AF17 /* dhd_usb.plist */,
			);
			name = Resources;
			sourceTree = "<group>";
		};
		19C28FB6FE9D52B211CA2CBB /* Products */ = {
			isa = PBXGroup;
			children = (
				32D94FD00562CBF700B6AF17 /* dhd_usb.kext */,
			);
			name = Products;
			sourceTree = "<group>";
		};
		247142CAFF3F8F9811CA285C /* Source */ = {
			isa = PBXGroup;
			children = (
				E3459C1A0C4437E500E44DB7 /* hndpmu.c */,
				E36ECCBC0B8E3D4F007E19DE /* dhd_macos.cpp */,
				E36ECCBD0B8E3D4F007E19DE /* dhd_usb_macos.cpp */,
				E36ECCBE0B8E3D4F007E19DE /* dhdioctl_kernel.cpp */,
				E3F4D0ED0B8BBE680082058A /* bcmsrom.c */,
				E3F4D0EE0B8BBE680082058A /* bcmutils.c */,
				E3F4D0E70B8BBE380082058A /* macosx_osl.cpp */,
				E3F4D0E80B8BBE380082058A /* nvramstubs.c */,
				E3F4D0E90B8BBE380082058A /* siutils.c */,
				E3F4D0E90B8BBE380082058A /* sbutils.c */,
				E3F4D0E90B8BBE380082058A /* aiutils.c */,
				E3F4D0E10B8BBE1D0082058A /* dhd_cdc.c */,
				E3F4D0E20B8BBE1D0082058A /* dhd_common.c */,
				E3F4D0F10B8BBE680082058A /* dhd_ip.c */,
				E3F4D0F30B8BBE680082058A /* dhd_wlfc.c */,
			);
			name = Source;
			sourceTree = "<group>";
		};
/* End PBXGroup section */

/* Begin PBXHeadersBuildPhase section */
		32D94FC50562CBF700B6AF17 /* Headers */ = {
			isa = PBXHeadersBuildPhase;
			buildActionMask = 2147483647;
			files = (
			);
			runOnlyForDeploymentPostprocessing = 0;
		};
/* End PBXHeadersBuildPhase section */

/* Begin PBXNativeTarget section */
		32D94FC30562CBF700B6AF17 /* dhd_usb */ = {
			isa = PBXNativeTarget;
			buildConfigurationList = 1DEB91D908733DB10010E9CD /* Build configuration list for PBXNativeTarget "dhd_usb" */;
			buildPhases = (
				32D94FC50562CBF700B6AF17 /* Headers */,
				32D94FC70562CBF700B6AF17 /* Resources */,
				32D94FC90562CBF700B6AF17 /* Sources */,
				32D94FCB0562CBF700B6AF17 /* Frameworks */,
				32D94FCC0562CBF700B6AF17 /* Rez */,
			);
			buildRules = (
			);
			comments = "<<Broadcom-WL-IPTag/Private1743:>>";
			dependencies = (
			);
			name = dhd_usb;
			productInstallPath = "$(SYSTEM_LIBRARY_DIR)/Extensions";
			productName = dhd_usb;
			productReference = 32D94FD00562CBF700B6AF17 /* dhd_usb.kext */;
			productType = "com.apple.product-type.kernel-extension.iokit";
		};
/* End PBXNativeTarget section */

/* Begin PBXProject section */
		089C1669FE841209C02AAC07 /* Project object */ = {
			isa = PBXProject;
			buildConfigurationList = 1DEB91DD08733DB10010E9CD /* Build configuration list for PBXProject "dhd_usb" */;
			hasScannedForEncodings = 1;
			mainGroup = 089C166AFE841209C02AAC07 /* dhd_usb */;
			projectDirPath = "";
			targets = (
				32D94FC30562CBF700B6AF17 /* dhd_usb */,
			);
		};
/* End PBXProject section */

/* Begin PBXResourcesBuildPhase section */
		32D94FC70562CBF700B6AF17 /* Resources */ = {
			isa = PBXResourcesBuildPhase;
			buildActionMask = 2147483647;
			files = (
			);
			runOnlyForDeploymentPostprocessing = 0;
		};
/* End PBXResourcesBuildPhase section */

/* Begin PBXRezBuildPhase section */
		32D94FCC0562CBF700B6AF17 /* Rez */ = {
			isa = PBXRezBuildPhase;
			buildActionMask = 2147483647;
			files = (
			);
			runOnlyForDeploymentPostprocessing = 0;
		};
/* End PBXRezBuildPhase section */

/* Begin PBXSourcesBuildPhase section */
		32D94FC90562CBF700B6AF17 /* Sources */ = {
			isa = PBXSourcesBuildPhase;
			buildActionMask = 2147483647;
			files = (
				E3F4D0E40B8BBE1D0082058A /* dhd_cdc.c in Sources */,
				E3F4D0E50B8BBE1D0082058A /* dhd_common.c in Sources */,
				E3F4D0F20B8BBE680082058A /* dhd_ip.c in Sources */,
				E3F4D0F40B8BBE680082058A /* dhd_wlfc.c in Sources */,
				E3F4D0EA0B8BBE380082058A /* macosx_osl.cpp in Sources */,
				E3F4D0EB0B8BBE380082058A /* nvramstubs.c in Sources */,
				E3F4D0EC0B8BBE380082058A /* siutils.c in Sources */,
				E3F4D0EC0B8BBE380082058A /* sbutils.c in Sources */,
				E3F4D0EC0B8BBE380082058A /* aiutils.c in Sources */,
				E3F4D0EF0B8BBE680082058A /* bcmsrom.c in Sources */,
				E3F4D0F00B8BBE680082058A /* bcmutils.c in Sources */,
				E36ECCBF0B8E3D4F007E19DE /* dhd_macos.cpp in Sources */,
				E36ECCC00B8E3D4F007E19DE /* dhd_usb_macos.cpp in Sources */,
				E36ECCC10B8E3D4F007E19DE /* dhdioctl_kernel.cpp in Sources */,
				E3459C1B0C4437E500E44DB7 /* hndpmu.c in Sources */,
			);
			runOnlyForDeploymentPostprocessing = 0;
		};
/* End PBXSourcesBuildPhase section */

/* Begin XCBuildConfiguration section */
		1DEB91DA08733DB10010E9CD /* Debug */ = {
			isa = XCBuildConfiguration;
			buildSettings = {
				COPY_PHASE_STRIP = NO;
				CURRENT_PROJECT_VERSION = 1.0.0d1;
				GCC_DYNAMIC_NO_PIC = NO;
				GCC_ENABLE_FIX_AND_CONTINUE = YES;
				GCC_MODEL_TUNING = G5;
				GCC_OPTIMIZATION_LEVEL = 0;
				INFOPLIST_FILE = dhd_usb.plist;
				INFOPLIST_PREPROCESS = YES;
				INSTALL_PATH = "$(SYSTEM_LIBRARY_DIR)/Extensions";
				MODULE_NAME = com.yourcompany.driver.dhd_usb;
				MODULE_VERSION = 1.0.0d1;
				OTHER_CFLAGS = (
					"-DMACOSX",
					"-DDMA",
					"-DBDC",
					"-DBCMDRIVER",
					"-DDHD_BCMEVENTS",
					"-DSHOW_EVENTS",
				);
				PRODUCT_NAME = dhd_usb;
				USER_HEADER_SEARCH_PATHS = "../../include ../sys ../../shared/bcmwifi/include ../../dongle";
				WRAPPER_EXTENSION = kext;
				ZERO_LINK = YES;
			};
			name = Debug;
		};
		1DEB91DB08733DB10010E9CD /* Release */ = {
			isa = XCBuildConfiguration;
			buildSettings = {
				ARCHS = (
					ppc,
					i386,
				);
				CURRENT_PROJECT_VERSION = 1.0.0d1;
				GCC_GENERATE_DEBUGGING_SYMBOLS = NO;
				GCC_MODEL_TUNING = G5;
				INFOPLIST_FILE = dhd_usb.plist;
				INFOPLIST_PREPROCESS = YES;
				INSTALL_PATH = "$(SYSTEM_LIBRARY_DIR)/Extensions";
				MODULE_NAME = com.yourcompany.driver.dhd_usb;
				MODULE_VERSION = 1.0.0d1;
				OTHER_CFLAGS = (
					"-DMACOSX",
					"-DDMA",
					"-DBDC",
					"-DBCMDRIVER",
					"-DDHD_BCMEVENTS",
					"-DSHOW_EVENTS",
				);
				PRODUCT_NAME = dhd_usb;
				USER_HEADER_SEARCH_PATHS = "../../include ../sys ../../shared/bcmwifi/include ../../dongle";
				WRAPPER_EXTENSION = kext;
			};
			name = Release;
		};
		1DEB91DE08733DB10010E9CD /* Debug */ = {
			isa = XCBuildConfiguration;
			buildSettings = {
				GCC_WARN_ABOUT_RETURN_TYPE = YES;
				GCC_WARN_UNUSED_VARIABLE = YES;
				PREBINDING = NO;
				SDKROOT = /Developer/SDKs/MacOSX10.4u.sdk;
			};
			name = Debug;
		};
		1DEB91DF08733DB10010E9CD /* Release */ = {
			isa = XCBuildConfiguration;
			buildSettings = {
				GCC_WARN_ABOUT_RETURN_TYPE = YES;
				GCC_WARN_UNUSED_VARIABLE = YES;
				PREBINDING = NO;
				SDKROOT = /Developer/SDKs/MacOSX10.4u.sdk;
			};
			name = Release;
		};
/* End XCBuildConfiguration section */

/* Begin XCConfigurationList section */
		1DEB91D908733DB10010E9CD /* Build configuration list for PBXNativeTarget "dhd_usb" */ = {
			isa = XCConfigurationList;
			buildConfigurations = (
				1DEB91DA08733DB10010E9CD /* Debug */,
				1DEB91DB08733DB10010E9CD /* Release */,
			);
			defaultConfigurationIsVisible = 0;
			defaultConfigurationName = Release;
		};
		1DEB91DD08733DB10010E9CD /* Build configuration list for PBXProject "dhd_usb" */ = {
			isa = XCConfigurationList;
			buildConfigurations = (
				1DEB91DE08733DB10010E9CD /* Debug */,
				1DEB91DF08733DB10010E9CD /* Release */,
			);
			defaultConfigurationIsVisible = 0;
			defaultConfigurationName = Release;
		};
/* End XCConfigurationList section */
	};
	rootObject = 089C1669FE841209C02AAC07 /* Project object */;
}
