Microsoft Visual Studio Solution File, Format Version 9.00
# Visual Studio 2005
Project("{8BC9CEB8-8B4A-11D0-8D11-00A0C91BC942}") = "bcmcrypto", "bcmcrypto\bcmcrypto.vcproj", "{CE06FC11-18B2-4918-8A9D-C81055A2EDF4}"
EndProject
Project("{8BC9CEB8-8B4A-11D0-8D11-00A0C91BC942}") = "wps_common", "wps_common\wps_common.vcproj", "{651D4636-2739-4101-BE16-3259585BFCEF}"
EndProject
Project("{8BC9CEB8-8B4A-11D0-8D11-00A0C91BC942}") = "wps_api", "wps_api\wps_api.vcproj", "{C6AB2086-FC8A-437A-AC3C-DA163B21376C}"
	ProjectSection(ProjectDependencies) = postProject
		{CE06FC11-18B2-4918-8A9D-C81055A2EDF4} = {CE06FC11-18B2-4918-8A9D-C81055A2EDF4}
		{651D4636-2739-4101-BE16-3259585BFCEF} = {651D4636-2739-4101-BE16-3259585BFCEF}
		{7A7790F9-7B50-426C-A358-3FD47DEC7B30} = {7A7790F9-7B50-426C-A358-3FD47DEC7B30}
	EndProjectSection
EndProject
Project("{8BC9CEB8-8B4A-11D0-8D11-00A0C91BC942}") = "wps_api_test", "wps_api_test\wps_api_test.vcproj", "{1FA1047F-841D-4196-9B8E-FB9F8AA87FE0}"
	ProjectSection(ProjectDependencies) = postProject
		{C6AB2086-FC8A-437A-AC3C-DA163B21376C} = {C6AB2086-FC8A-437A-AC3C-DA163B21376C}
	EndProjectSection
EndProject
Project("{8BC9CEB8-8B4A-11D0-8D11-00A0C91BC942}") = "bcmctrl_lib", "..\..\..\tools\epictrl\bcmctrl_lib_xp05.vcproj", "{7A7790F9-7B50-426C-A358-3FD47DEC7B30}"
EndProject
Project("{8BC9CEB8-8B4A-11D0-8D11-00A0C91BC942}") = "WpsWizard", "WpsWizard\WpsWizard.vcproj", "{2008A19A-561F-4F76-A45C-C6C6043CECBB}"
	ProjectSection(ProjectDependencies) = postProject
		{C6AB2086-FC8A-437A-AC3C-DA163B21376C} = {C6AB2086-FC8A-437A-AC3C-DA163B21376C}
	EndProjectSection
EndProject
Global
	GlobalSection(SolutionConfigurationPlatforms) = preSolution
		Debug|Win32 = Debug|Win32
		Debug|x64 = Debug|x64
		Release|Win32 = Release|Win32
		Release|x64 = Release|x64
	EndGlobalSection
	GlobalSection(ProjectConfigurationPlatforms) = postSolution
		{CE06FC11-18B2-4918-8A9D-C81055A2EDF4}.Debug|Win32.ActiveCfg = Debug|Win32
		{CE06FC11-18B2-4918-8A9D-C81055A2EDF4}.Debug|Win32.Build.0 = Debug|Win32
		{CE06FC11-18B2-4918-8A9D-C81055A2EDF4}.Debug|x64.ActiveCfg = Debug|x64
		{CE06FC11-18B2-4918-8A9D-C81055A2EDF4}.Debug|x64.Build.0 = Debug|x64
		{CE06FC11-18B2-4918-8A9D-C81055A2EDF4}.Release|Win32.ActiveCfg = Release|Win32
		{CE06FC11-18B2-4918-8A9D-C81055A2EDF4}.Release|Win32.Build.0 = Release|Win32
		{CE06FC11-18B2-4918-8A9D-C81055A2EDF4}.Release|x64.ActiveCfg = Release|x64
		{CE06FC11-18B2-4918-8A9D-C81055A2EDF4}.Release|x64.Build.0 = Release|x64
		{651D4636-2739-4101-BE16-3259585BFCEF}.Debug|Win32.ActiveCfg = Debug|Win32
		{651D4636-2739-4101-BE16-3259585BFCEF}.Debug|Win32.Build.0 = Debug|Win32
		{651D4636-2739-4101-BE16-3259585BFCEF}.Debug|x64.ActiveCfg = Debug|x64
		{651D4636-2739-4101-BE16-3259585BFCEF}.Debug|x64.Build.0 = Debug|x64
		{651D4636-2739-4101-BE16-3259585BFCEF}.Release|Win32.ActiveCfg = Release|Win32
		{651D4636-2739-4101-BE16-3259585BFCEF}.Release|Win32.Build.0 = Release|Win32
		{651D4636-2739-4101-BE16-3259585BFCEF}.Release|x64.ActiveCfg = Release|x64
		{651D4636-2739-4101-BE16-3259585BFCEF}.Release|x64.Build.0 = Release|x64
		{C6AB2086-FC8A-437A-AC3C-DA163B21376C}.Debug|Win32.ActiveCfg = Debug|Win32
		{C6AB2086-FC8A-437A-AC3C-DA163B21376C}.Debug|Win32.Build.0 = Debug|Win32
		{C6AB2086-FC8A-437A-AC3C-DA163B21376C}.Debug|x64.ActiveCfg = Debug|x64
		{C6AB2086-FC8A-437A-AC3C-DA163B21376C}.Debug|x64.Build.0 = Debug|x64
		{C6AB2086-FC8A-437A-AC3C-DA163B21376C}.Release|Win32.ActiveCfg = Release|Win32
		{C6AB2086-FC8A-437A-AC3C-DA163B21376C}.Release|Win32.Build.0 = Release|Win32
		{C6AB2086-FC8A-437A-AC3C-DA163B21376C}.Release|x64.ActiveCfg = Release|x64
		{C6AB2086-FC8A-437A-AC3C-DA163B21376C}.Release|x64.Build.0 = Release|x64
		{1FA1047F-841D-4196-9B8E-FB9F8AA87FE0}.Debug|Win32.ActiveCfg = Debug|Win32
		{1FA1047F-841D-4196-9B8E-FB9F8AA87FE0}.Debug|Win32.Build.0 = Debug|Win32
		{1FA1047F-841D-4196-9B8E-FB9F8AA87FE0}.Debug|x64.ActiveCfg = Debug|x64
		{1FA1047F-841D-4196-9B8E-FB9F8AA87FE0}.Debug|x64.Build.0 = Debug|x64
		{1FA1047F-841D-4196-9B8E-FB9F8AA87FE0}.Release|Win32.ActiveCfg = Release|Win32
		{1FA1047F-841D-4196-9B8E-FB9F8AA87FE0}.Release|Win32.Build.0 = Release|Win32
		{1FA1047F-841D-4196-9B8E-FB9F8AA87FE0}.Release|x64.ActiveCfg = Release|x64
		{1FA1047F-841D-4196-9B8E-FB9F8AA87FE0}.Release|x64.Build.0 = Release|x64
		{7A7790F9-7B50-426C-A358-3FD47DEC7B30}.Debug|Win32.ActiveCfg = Debug|Win32
		{7A7790F9-7B50-426C-A358-3FD47DEC7B30}.Debug|Win32.Build.0 = Debug|Win32
		{7A7790F9-7B50-426C-A358-3FD47DEC7B30}.Debug|x64.ActiveCfg = Debug|x64
		{7A7790F9-7B50-426C-A358-3FD47DEC7B30}.Debug|x64.Build.0 = Debug|x64
		{7A7790F9-7B50-426C-A358-3FD47DEC7B30}.Release|Win32.ActiveCfg = Release|Win32
		{7A7790F9-7B50-426C-A358-3FD47DEC7B30}.Release|Win32.Build.0 = Release|Win32
		{7A7790F9-7B50-426C-A358-3FD47DEC7B30}.Release|x64.ActiveCfg = Release|x64
		{7A7790F9-7B50-426C-A358-3FD47DEC7B30}.Release|x64.Build.0 = Release|x64
		{2008A19A-561F-4F76-A45C-C6C6043CECBB}.Debug|Win32.ActiveCfg = Debug|Win32
		{2008A19A-561F-4F76-A45C-C6C6043CECBB}.Debug|Win32.Build.0 = Debug|Win32
		{2008A19A-561F-4F76-A45C-C6C6043CECBB}.Debug|x64.ActiveCfg = Debug|x64
		{2008A19A-561F-4F76-A45C-C6C6043CECBB}.Debug|x64.Build.0 = Debug|x64
		{2008A19A-561F-4F76-A45C-C6C6043CECBB}.Release|Win32.ActiveCfg = Release|Win32
		{2008A19A-561F-4F76-A45C-C6C6043CECBB}.Release|Win32.Build.0 = Release|Win32
		{2008A19A-561F-4F76-A45C-C6C6043CECBB}.Release|x64.ActiveCfg = Release|x64
		{2008A19A-561F-4F76-A45C-C6C6043CECBB}.Release|x64.Build.0 = Release|x64
	EndGlobalSection
	GlobalSection(SolutionProperties) = preSolution
		HideSolutionNode = FALSE
	EndGlobalSection
EndGlobal
