
Microsoft Visual Studio Solution File, Format Version 9.00
# Visual Studio 2005
Project("{8BC9CEB8-8B4A-11D0-8D11-00A0C91BC942}") = "WizTest", "WizTest\WizTest.vcproj", "{2AC102DC-C184-487F-91DE-30455050C47C}"
EndProject
Global
	GlobalSection(SolutionConfigurationPlatforms) = preSolution
		ARMV4I_Debug|Pocket PC 2003 (ARMV4) = ARMV4I_Debug|Pocket PC 2003 (ARMV4)
		ARMV4I_Release|Pocket PC 2003 (ARMV4) = ARMV4I_Release|Pocket PC 2003 (ARMV4)
		Debug|Pocket PC 2003 (ARMV4) = Debug|Pocket PC 2003 (ARMV4)
		Release|Pocket PC 2003 (ARMV4) = Release|Pocket PC 2003 (ARMV4)
	EndGlobalSection
	GlobalSection(ProjectConfigurationPlatforms) = postSolution
		{2AC102DC-C184-487F-91DE-30455050C47C}.ARMV4I_Debug|Pocket PC 2003 (ARMV4).ActiveCfg = ARMV4I_Debug|Pocket PC 2003 (ARMV4)
		{2AC102DC-C184-487F-91DE-30455050C47C}.ARMV4I_Debug|Pocket PC 2003 (ARMV4).Build.0 = ARMV4I_Debug|Pocket PC 2003 (ARMV4)
		{2AC102DC-C184-487F-91DE-30455050C47C}.ARMV4I_Debug|Pocket PC 2003 (ARMV4).Deploy.0 = ARMV4I_Debug|Pocket PC 2003 (ARMV4)
		{2AC102DC-C184-487F-91DE-30455050C47C}.ARMV4I_Release|Pocket PC 2003 (ARMV4).ActiveCfg = ARMV4I_Release|Pocket PC 2003 (ARMV4)
		{2AC102DC-C184-487F-91DE-30455050C47C}.ARMV4I_Release|Pocket PC 2003 (ARMV4).Build.0 = ARMV4I_Release|Pocket PC 2003 (ARMV4)
		{2AC102DC-C184-487F-91DE-30455050C47C}.ARMV4I_Release|Pocket PC 2003 (ARMV4).Deploy.0 = ARMV4I_Release|Pocket PC 2003 (ARMV4)
		{2AC102DC-C184-487F-91DE-30455050C47C}.Debug|Pocket PC 2003 (ARMV4).ActiveCfg = Debug|Pocket PC 2003 (ARMV4)
		{2AC102DC-C184-487F-91DE-30455050C47C}.Debug|Pocket PC 2003 (ARMV4).Build.0 = Debug|Pocket PC 2003 (ARMV4)
		{2AC102DC-C184-487F-91DE-30455050C47C}.Debug|Pocket PC 2003 (ARMV4).Deploy.0 = Debug|Pocket PC 2003 (ARMV4)
		{2AC102DC-C184-487F-91DE-30455050C47C}.Release|Pocket PC 2003 (ARMV4).ActiveCfg = Release|Pocket PC 2003 (ARMV4)
		{2AC102DC-C184-487F-91DE-30455050C47C}.Release|Pocket PC 2003 (ARMV4).Build.0 = Release|Pocket PC 2003 (ARMV4)
		{2AC102DC-C184-487F-91DE-30455050C47C}.Release|Pocket PC 2003 (ARMV4).Deploy.0 = Release|Pocket PC 2003 (ARMV4)
	EndGlobalSection
	GlobalSection(SolutionProperties) = preSolution
		HideSolutionNode = FALSE
	EndGlobalSection
EndGlobal
