
Microsoft Visual Studio Solution File, Format Version 12.00
# Visual Studio 2013
VisualStudioVersion = 12.0.21005.1
MinimumVisualStudioVersion = 10.0.40219.1
Project("{8BC9CEB8-8B4A-11D0-8D11-00A0C91BC942}") = "wlm", "wlm.vcxproj", "{1D2633AB-756F-4ECE-A6B9-356051A1C9BF}"
	ProjectSection(ProjectDependencies) = postProject
		{7A7790F9-7B50-426C-A358-3FD47DEC7B30} = {7A7790F9-7B50-426C-A358-3FD47DEC7B30}
	EndProjectSection
EndProject
Project("{8BC9CEB8-8B4A-11D0-8D11-00A0C91BC942}") = "bcmctrl", "..\..\tools\epictrl\bcmctrl_lib_vs13.vcxproj", "{7A7790F9-7B50-426C-A358-3FD47DEC7B30}"
EndProject
Global
	GlobalSection(SolutionConfigurationPlatforms) = preSolution
		Debug|Win32 = Debug|Win32
		Debug|x64 = Debug|x64
		Debugwb|Win32 = Debugwb|Win32
		Debugwb|x64 = Debugwb|x64
		Release|Win32 = Release|Win32
		Release|x64 = Release|x64
		Releasewb|Win32 = Releasewb|Win32
		Releasewb|x64 = Releasewb|x64
	EndGlobalSection
	GlobalSection(ProjectConfigurationPlatforms) = postSolution
		{1D2633AB-756F-4ECE-A6B9-356051A1C9BF}.Debug|Win32.ActiveCfg = Debug|Win32
		{1D2633AB-756F-4ECE-A6B9-356051A1C9BF}.Debug|Win32.Build.0 = Debug|Win32
		{1D2633AB-756F-4ECE-A6B9-356051A1C9BF}.Debug|x64.ActiveCfg = Debug|x64
		{1D2633AB-756F-4ECE-A6B9-356051A1C9BF}.Debug|x64.Build.0 = Debug|x64
		{1D2633AB-756F-4ECE-A6B9-356051A1C9BF}.Debugwb|Win32.ActiveCfg = Debug|Win32
		{1D2633AB-756F-4ECE-A6B9-356051A1C9BF}.Debugwb|Win32.Build.0 = Debug|Win32
		{1D2633AB-756F-4ECE-A6B9-356051A1C9BF}.Debugwb|x64.ActiveCfg = Debug|x64
		{1D2633AB-756F-4ECE-A6B9-356051A1C9BF}.Debugwb|x64.Build.0 = Debug|x64
		{1D2633AB-756F-4ECE-A6B9-356051A1C9BF}.Release|Win32.ActiveCfg = Release|Win32
		{1D2633AB-756F-4ECE-A6B9-356051A1C9BF}.Release|Win32.Build.0 = Release|Win32
		{1D2633AB-756F-4ECE-A6B9-356051A1C9BF}.Release|x64.ActiveCfg = Release|x64
		{1D2633AB-756F-4ECE-A6B9-356051A1C9BF}.Release|x64.Build.0 = Release|x64
		{1D2633AB-756F-4ECE-A6B9-356051A1C9BF}.Releasewb|Win32.ActiveCfg = Release|Win32
		{1D2633AB-756F-4ECE-A6B9-356051A1C9BF}.Releasewb|Win32.Build.0 = Release|Win32
		{1D2633AB-756F-4ECE-A6B9-356051A1C9BF}.Releasewb|x64.ActiveCfg = Release|x64
		{1D2633AB-756F-4ECE-A6B9-356051A1C9BF}.Releasewb|x64.Build.0 = Release|x64
		{7A7790F9-7B50-426C-A358-3FD47DEC7B30}.Debug|Win32.ActiveCfg = Debugwb|Win32
		{7A7790F9-7B50-426C-A358-3FD47DEC7B30}.Debug|Win32.Build.0 = Debugwb|Win32
		{7A7790F9-7B50-426C-A358-3FD47DEC7B30}.Debug|x64.ActiveCfg = Debugwb|x64
		{7A7790F9-7B50-426C-A358-3FD47DEC7B30}.Debug|x64.Build.0 = Debugwb|x64
		{7A7790F9-7B50-426C-A358-3FD47DEC7B30}.Debugwb|Win32.ActiveCfg = Debugwb|Win32
		{7A7790F9-7B50-426C-A358-3FD47DEC7B30}.Debugwb|Win32.Build.0 = Debugwb|Win32
		{7A7790F9-7B50-426C-A358-3FD47DEC7B30}.Debugwb|x64.ActiveCfg = Debugwb|x64
		{7A7790F9-7B50-426C-A358-3FD47DEC7B30}.Debugwb|x64.Build.0 = Debugwb|x64
		{7A7790F9-7B50-426C-A358-3FD47DEC7B30}.Release|Win32.ActiveCfg = Releasewb|Win32
		{7A7790F9-7B50-426C-A358-3FD47DEC7B30}.Release|Win32.Build.0 = Releasewb|Win32
		{7A7790F9-7B50-426C-A358-3FD47DEC7B30}.Release|x64.ActiveCfg = Releasewb|x64
		{7A7790F9-7B50-426C-A358-3FD47DEC7B30}.Release|x64.Build.0 = Releasewb|x64
		{7A7790F9-7B50-426C-A358-3FD47DEC7B30}.Releasewb|Win32.ActiveCfg = Releasewb|Win32
		{7A7790F9-7B50-426C-A358-3FD47DEC7B30}.Releasewb|Win32.Build.0 = Releasewb|Win32
		{7A7790F9-7B50-426C-A358-3FD47DEC7B30}.Releasewb|x64.ActiveCfg = Releasewb|x64
		{7A7790F9-7B50-426C-A358-3FD47DEC7B30}.Releasewb|x64.Build.0 = Releasewb|x64
	EndGlobalSection
	GlobalSection(SolutionProperties) = preSolution
		HideSolutionNode = FALSE
	EndGlobalSection
EndGlobal
