// !$*UTF8*$!
{
	archiveVersion = 1;
	classes = {
	};
	objectVersion = 42;
	objects = {

/* Begin PBXBuildFile section */
		8DD76F790486A8DE00D96B5E /* CoreFoundation.framework in Frameworks */ = {isa = PBXBuildFile; fileRef = 09AB6884FE841BABC02AAC07 /* CoreFoundation.framework */; };
		E35C327D0B7BBEDF005ADF8D /* bcmdl.c in Sources */ = {isa = PBXBuildFile; fileRef = E35C327B0B7BBEDF005ADF8D /* bcmdl.c */; };
		E35C327E0B7BBEDF005ADF8D /* usb_macos.c in Sources */ = {isa = PBXBuildFile; fileRef = E35C327C0B7BBEDF005ADF8D /* usb_macos.c */; };
		E35C32880B7BBF3D005ADF8D /* adler32.c in Sources */ = {isa = PBXBuildFile; fileRef = E35C327F0B7BBF3D005ADF8D /* adler32.c */; };
		E35C32890B7BBF3D005ADF8D /* crc32.c in Sources */ = {isa = PBXBuildFile; fileRef = E35C32800B7BBF3D005ADF8D /* crc32.c */; };
		E35C328A0B7BBF3D005ADF8D /* infblock.c in Sources */ = {isa = PBXBuildFile; fileRef = E35C32810B7BBF3D005ADF8D /* infblock.c */; };
		E35C328B0B7BBF3D005ADF8D /* infcodes.c in Sources */ = {isa = PBXBuildFile; fileRef = E35C32820B7BBF3D005ADF8D /* infcodes.c */; };
		E35C328C0B7BBF3D005ADF8D /* inffast.c in Sources */ = {isa = PBXBuildFile; fileRef = E35C32830B7BBF3D005ADF8D /* inffast.c */; };
		E35C328D0B7BBF3D005ADF8D /* inflate.c in Sources */ = {isa = PBXBuildFile; fileRef = E35C32840B7BBF3D005ADF8D /* inflate.c */; };
		E35C328E0B7BBF3D005ADF8D /* inftrees.c in Sources */ = {isa = PBXBuildFile; fileRef = E35C32850B7BBF3D005ADF8D /* inftrees.c */; };
		E35C328F0B7BBF3D005ADF8D /* infutil.c in Sources */ = {isa = PBXBuildFile; fileRef = E35C32860B7BBF3D005ADF8D /* infutil.c */; };
		E35C32900B7BBF3D005ADF8D /* zutil.c in Sources */ = {isa = PBXBuildFile; fileRef = E35C32870B7BBF3D005ADF8D /* zutil.c */; };
		E35C32A90B7BBFE7005ADF8D /* IOKit.framework in Frameworks */ = {isa = PBXBuildFile; fileRef = E35C32A80B7BBFE7005ADF8D /* IOKit.framework */; };
/* End PBXBuildFile section */

/* Begin PBXCopyFilesBuildPhase section */
		8DD76F7B0486A8DE00D96B5E /* CopyFiles */ = {
			isa = PBXCopyFilesBuildPhase;
			buildActionMask = 8;
			dstPath = /usr/share/man/man1/;
			dstSubfolderSpec = 0;
			files = (
			);
			runOnlyForDeploymentPostprocessing = 1;
		};
/* End PBXCopyFilesBuildPhase section */

/* Begin PBXFileReference section */
		09AB6884FE841BABC02AAC07 /* CoreFoundation.framework */ = {isa = PBXFileReference; lastKnownFileType = wrapper.framework; name = CoreFoundation.framework; path = /System/Library/Frameworks/CoreFoundation.framework; sourceTree = "<absolute>"; };
		8DD76F7E0486A8DE00D96B5E /* bcmdl */ = {isa = PBXFileReference; explicitFileType = "compiled.mach-o.executable"; includeInIndex = 0; path = bcmdl; sourceTree = BUILT_PRODUCTS_DIR; };
		E35C327B0B7BBEDF005ADF8D /* bcmdl.c */ = {isa = PBXFileReference; fileEncoding = 30; lastKnownFileType = sourcecode.c.c; path = bcmdl.c; sourceTree = "<group>"; };
		E35C327C0B7BBEDF005ADF8D /* usb_macos.c */ = {isa = PBXFileReference; fileEncoding = 30; lastKnownFileType = sourcecode.c.c; path = usb_macos.c; sourceTree = "<group>"; };
		E35C327F0B7BBF3D005ADF8D /* adler32.c */ = {isa = PBXFileReference; fileEncoding = 30; lastKnownFileType = sourcecode.c.c; name = adler32.c; path = ../../shared/zlib/adler32.c; sourceTree = SOURCE_ROOT; };
		E35C32800B7BBF3D005ADF8D /* crc32.c */ = {isa = PBXFileReference; fileEncoding = 30; lastKnownFileType = sourcecode.c.c; name = crc32.c; path = ../../shared/zlib/crc32.c; sourceTree = SOURCE_ROOT; };
		E35C32810B7BBF3D005ADF8D /* infblock.c */ = {isa = PBXFileReference; fileEncoding = 30; lastKnownFileType = sourcecode.c.c; name = infblock.c; path = ../../shared/zlib/infblock.c; sourceTree = SOURCE_ROOT; };
		E35C32820B7BBF3D005ADF8D /* infcodes.c */ = {isa = PBXFileReference; fileEncoding = 30; lastKnownFileType = sourcecode.c.c; name = infcodes.c; path = ../../shared/zlib/infcodes.c; sourceTree = SOURCE_ROOT; };
		E35C32830B7BBF3D005ADF8D /* inffast.c */ = {isa = PBXFileReference; fileEncoding = 30; lastKnownFileType = sourcecode.c.c; name = inffast.c; path = ../../shared/zlib/inffast.c; sourceTree = SOURCE_ROOT; };
		E35C32840B7BBF3D005ADF8D /* inflate.c */ = {isa = PBXFileReference; fileEncoding = 30; lastKnownFileType = sourcecode.c.c; name = inflate.c; path = ../../shared/zlib/inflate.c; sourceTree = SOURCE_ROOT; };
		E35C32850B7BBF3D005ADF8D /* inftrees.c */ = {isa = PBXFileReference; fileEncoding = 30; lastKnownFileType = sourcecode.c.c; name = inftrees.c; path = ../../shared/zlib/inftrees.c; sourceTree = SOURCE_ROOT; };
		E35C32860B7BBF3D005ADF8D /* infutil.c */ = {isa = PBXFileReference; fileEncoding = 30; lastKnownFileType = sourcecode.c.c; name = infutil.c; path = ../../shared/zlib/infutil.c; sourceTree = SOURCE_ROOT; };
		E35C32870B7BBF3D005ADF8D /* zutil.c */ = {isa = PBXFileReference; fileEncoding = 30; lastKnownFileType = sourcecode.c.c; name = zutil.c; path = ../../shared/zlib/zutil.c; sourceTree = SOURCE_ROOT; };
		E35C32A80B7BBFE7005ADF8D /* IOKit.framework */ = {isa = PBXFileReference; lastKnownFileType = wrapper.framework; name = IOKit.framework; path = /System/Library/Frameworks/IOKit.framework; sourceTree = "<absolute>"; };
/* End PBXFileReference section */

/* Begin PBXFrameworksBuildPhase section */
		8DD76F780486A8DE00D96B5E /* Frameworks */ = {
			isa = PBXFrameworksBuildPhase;
			buildActionMask = 2147483647;
			files = (
				8DD76F790486A8DE00D96B5E /* CoreFoundation.framework in Frameworks */,
				E35C32A90B7BBFE7005ADF8D /* IOKit.framework in Frameworks */,
			);
			runOnlyForDeploymentPostprocessing = 0;
		};
/* End PBXFrameworksBuildPhase section */

/* Begin PBXGroup section */
		08FB7794FE84155DC02AAC07 /* bcmdl */ = {
			isa = PBXGroup;
			children = (
				08FB7795FE84155DC02AAC07 /* Source */,
				C6859E96029091FE04C91782 /* Documentation */,
				08FB779DFE84155DC02AAC07 /* External Frameworks and Libraries */,
				19C28FBDFE9D53C911CA2CBB /* Products */,
			);
			name = bcmdl;
			sourceTree = "<group>";
		};
		08FB7795FE84155DC02AAC07 /* Source */ = {
			isa = PBXGroup;
			children = (
				E35C327F0B7BBF3D005ADF8D /* adler32.c */,
				E35C32800B7BBF3D005ADF8D /* crc32.c */,
				E35C32810B7BBF3D005ADF8D /* infblock.c */,
				E35C32820B7BBF3D005ADF8D /* infcodes.c */,
				E35C32830B7BBF3D005ADF8D /* inffast.c */,
				E35C32840B7BBF3D005ADF8D /* inflate.c */,
				E35C32850B7BBF3D005ADF8D /* inftrees.c */,
				E35C32860B7BBF3D005ADF8D /* infutil.c */,
				E35C32870B7BBF3D005ADF8D /* zutil.c */,
				E35C327B0B7BBEDF005ADF8D /* bcmdl.c */,
				E35C327C0B7BBEDF005ADF8D /* usb_macos.c */,
			);
			name = Source;
			sourceTree = "<group>";
		};
		08FB779DFE84155DC02AAC07 /* External Frameworks and Libraries */ = {
			isa = PBXGroup;
			children = (
				E35C32A80B7BBFE7005ADF8D /* IOKit.framework */,
				09AB6884FE841BABC02AAC07 /* CoreFoundation.framework */,
			);
			name = "External Frameworks and Libraries";
			sourceTree = "<group>";
		};
		19C28FBDFE9D53C911CA2CBB /* Products */ = {
			isa = PBXGroup;
			children = (
				8DD76F7E0486A8DE00D96B5E /* bcmdl */,
			);
			name = Products;
			sourceTree = "<group>";
		};
		C6859E96029091FE04C91782 /* Documentation */ = {
			isa = PBXGroup;
			children = (
			);
			name = Documentation;
			sourceTree = "<group>";
		};
/* End PBXGroup section */

/* Begin PBXNativeTarget section */
		8DD76F740486A8DE00D96B5E /* bcmdl */ = {
			isa = PBXNativeTarget;
			buildConfigurationList = 1DEB924708733DCA0010E9CD /* Build configuration list for PBXNativeTarget "bcmdl" */;
			buildPhases = (
				8DD76F760486A8DE00D96B5E /* Sources */,
				8DD76F780486A8DE00D96B5E /* Frameworks */,
				8DD76F7B0486A8DE00D96B5E /* CopyFiles */,
			);
			buildRules = (
			);
			dependencies = (
			);
			name = bcmdl;
			productInstallPath = "$(HOME)/bin";
			productName = bcmdl;
			productReference = 8DD76F7E0486A8DE00D96B5E /* bcmdl */;
			productType = "com.apple.product-type.tool";
		};
/* End PBXNativeTarget section */

/* Begin PBXProject section */
		08FB7793FE84155DC02AAC07 /* Project object */ = {
			isa = PBXProject;
			buildConfigurationList = 1DEB924B08733DCA0010E9CD /* Build configuration list for PBXProject "bcmdl" */;
			hasScannedForEncodings = 1;
			mainGroup = 08FB7794FE84155DC02AAC07 /* bcmdl */;
			projectDirPath = "";
			targets = (
				8DD76F740486A8DE00D96B5E /* bcmdl */,
			);
		};
/* End PBXProject section */

/* Begin PBXSourcesBuildPhase section */
		8DD76F760486A8DE00D96B5E /* Sources */ = {
			isa = PBXSourcesBuildPhase;
			buildActionMask = 2147483647;
			files = (
				E35C327D0B7BBEDF005ADF8D /* bcmdl.c in Sources */,
				E35C327E0B7BBEDF005ADF8D /* usb_macos.c in Sources */,
				E35C32880B7BBF3D005ADF8D /* adler32.c in Sources */,
				E35C32890B7BBF3D005ADF8D /* crc32.c in Sources */,
				E35C328A0B7BBF3D005ADF8D /* infblock.c in Sources */,
				E35C328B0B7BBF3D005ADF8D /* infcodes.c in Sources */,
				E35C328C0B7BBF3D005ADF8D /* inffast.c in Sources */,
				E35C328D0B7BBF3D005ADF8D /* inflate.c in Sources */,
				E35C328E0B7BBF3D005ADF8D /* inftrees.c in Sources */,
				E35C328F0B7BBF3D005ADF8D /* infutil.c in Sources */,
				E35C32900B7BBF3D005ADF8D /* zutil.c in Sources */,
			);
			runOnlyForDeploymentPostprocessing = 0;
		};
/* End PBXSourcesBuildPhase section */

/* Begin XCBuildConfiguration section */
		1DEB924808733DCA0010E9CD /* Debug */ = {
			isa = XCBuildConfiguration;
			buildSettings = {
				COPY_PHASE_STRIP = NO;
				GCC_DYNAMIC_NO_PIC = NO;
				GCC_ENABLE_FIX_AND_CONTINUE = YES;
				GCC_MODEL_TUNING = G5;
				GCC_OPTIMIZATION_LEVEL = 0;
				INSTALL_PATH = "$(HOME)/bin";
				PRODUCT_NAME = bcmdl;
				USER_HEADER_SEARCH_PATHS = "../../include ../../../components/shared";
				ZERO_LINK = NO;
			};
			name = Debug;
		};
		1DEB924908733DCA0010E9CD /* Release */ = {
			isa = XCBuildConfiguration;
			buildSettings = {
				ARCHS = (
					ppc,
					i386,
				);
				GCC_GENERATE_DEBUGGING_SYMBOLS = NO;
				GCC_MODEL_TUNING = G5;
				INSTALL_PATH = "$(HOME)/bin";
				PRODUCT_NAME = bcmdl;
				USER_HEADER_SEARCH_PATHS = "../../include ../../../components/shared";
			};
			name = Release;
		};
		1DEB924C08733DCA0010E9CD /* Debug */ = {
			isa = XCBuildConfiguration;
			buildSettings = {
				GCC_WARN_ABOUT_RETURN_TYPE = YES;
				GCC_WARN_UNUSED_VARIABLE = YES;
				PREBINDING = NO;
				SDKROOT = /Developer/SDKs/MacOSX10.4u.sdk;
			};
			name = Debug;
		};
		1DEB924D08733DCA0010E9CD /* Release */ = {
			isa = XCBuildConfiguration;
			buildSettings = {
				GCC_WARN_ABOUT_RETURN_TYPE = YES;
				GCC_WARN_UNUSED_VARIABLE = YES;
				PREBINDING = NO;
				SDKROOT = /Developer/SDKs/MacOSX10.4u.sdk;
			};
			name = Release;
		};
/* End XCBuildConfiguration section */

/* Begin XCConfigurationList section */
		1DEB924708733DCA0010E9CD /* Build configuration list for PBXNativeTarget "bcmdl" */ = {
			isa = XCConfigurationList;
			buildConfigurations = (
				1DEB924808733DCA0010E9CD /* Debug */,
				1DEB924908733DCA0010E9CD /* Release */,
			);
			defaultConfigurationIsVisible = 0;
			defaultConfigurationName = Release;
		};
		1DEB924B08733DCA0010E9CD /* Build configuration list for PBXProject "bcmdl" */ = {
			isa = XCConfigurationList;
			buildConfigurations = (
				1DEB924C08733DCA0010E9CD /* Debug */,
				1DEB924D08733DCA0010E9CD /* Release */,
			);
			defaultConfigurationIsVisible = 0;
			defaultConfigurationName = Release;
		};
/* End XCConfigurationList section */
	};
	rootObject = 08FB7793FE84155DC02AAC07 /* Project object */;
}
