// !$*UTF8*$!
{
	archiveVersion = 1;
	classes = {
	};
	objectVersion = 46;
	objects = {

/* Begin PBXBuildFile section */
		2DE35C5F17BDB8320096C036 /* darwin.c in Sources */ = {isa = PBXBuildFile; fileRef = 2DE35C5E17BDB8320096C036 /* darwin.c */; };
		2DE35C6117BDB8550096C036 /* dhdioctl_usr.c in Sources */ = {isa = PBXBuildFile; fileRef = 2DE35C6017BDB8550096C036 /* dhdioctl_usr.c */; };
		2DE35C6317BDC09A0096C036 /* bcmwifi_channels.c in Sources */ = {isa = PBXBuildFile; fileRef = 2DE35C6217BDC09A0096C036 /* bcmwifi_channels.c */; };
		2DE35C6517BDC0E90096C036 /* wlc_ppr.c in Sources */ = {isa = PBXBuildFile; fileRef = 2DE35C6417BDC0E90096C036 /* wlc_ppr.c */; };
		2DE35C6717BDC12E0096C036 /* wlu_rates_matrix.c in Sources */ = {isa = PBXBuildFile; fileRef = 2DE35C6617BDC12E0096C036 /* wlu_rates_matrix.c */; };
		2DE35C6917BDC1A00096C036 /* usb.c in Sources */ = {isa = PBXBuildFile; fileRef = 2DE35C6817BDC1A00096C036 /* usb.c */; };
		2DE35C6B17BDC1E40096C036 /* error.c in Sources */ = {isa = PBXBuildFile; fileRef = 2DE35C6A17BDC1E40096C036 /* error.c */; };
		2DE35C6D17BDC2120096C036 /* descriptors.c in Sources */ = {isa = PBXBuildFile; fileRef = 2DE35C6C17BDC2120096C036 /* descriptors.c */; };
		483DA5BE1A88F3CA001F411A /* bcmxtlv.c in Sources */ = {isa = PBXBuildFile; fileRef = 483DA5BD1A88F3CA001F411A /* bcmxtlv.c */; };
		5112BB191DA54406002DB488 /* wluc_tko.c in Sources */ = {isa = PBXBuildFile; fileRef = 5112BB181DA54406002DB488 /* wluc_tko.c */; };
		51A217FB1DA67B9000EB39B2 /* wluc_bdo.c in Sources */ = {isa = PBXBuildFile; fileRef = 51A217FA1DA67B9000EB39B2 /* wluc_bdo.c */; };
		51A217FD1DA67BC400EB39B2 /* wluc_anqpo.c in Sources */ = {isa = PBXBuildFile; fileRef = 51A217FC1DA67BC400EB39B2 /* wluc_anqpo.c */; };
		51A217FF1DA67C0A00EB39B2 /* wluc_ndoe.c in Sources */ = {isa = PBXBuildFile; fileRef = 51A217FE1DA67C0A00EB39B2 /* wluc_ndoe.c */; };
		51A218011DA67CA700EB39B2 /* wluc_rsdb.c in Sources */ = {isa = PBXBuildFile; fileRef = 51A218001DA67CA700EB39B2 /* wluc_rsdb.c */; };
		52FED6B61D35BA7900CA0A99 /* wlu_subcounters.c in Sources */ = {isa = PBXBuildFile; fileRef = 52FED6B51D35BA7900CA0A99 /* wlu_subcounters.c */; };
		6232DD831C9B57B300F6BF9A /* wluc_he.c in Sources */ = {isa = PBXBuildFile; fileRef = 6232DD821C9B57B300F6BF9A /* wluc_he.c */; };
		689988261910589700EED72B /* wluc_sdio.c in Sources */ = {isa = PBXBuildFile; fileRef = 689988251910589700EED72B /* wluc_sdio.c */; };
		68A0916A19059E3500E5B825 /* wluc_phy.c in Sources */ = {isa = PBXBuildFile; fileRef = 68A0916919059E3500E5B825 /* wluc_phy.c */; };
		68A0916C19059E6700E5B825 /* wluc_rrm.c in Sources */ = {isa = PBXBuildFile; fileRef = 68A0916B19059E6700E5B825 /* wluc_rrm.c */; };
		68A0916E19059E9600E5B825 /* wluc_relmcast.c in Sources */ = {isa = PBXBuildFile; fileRef = 68A0916D19059E9600E5B825 /* wluc_relmcast.c */; };
		68A0917019059F0E00E5B825 /* wluc_wnm.c in Sources */ = {isa = PBXBuildFile; fileRef = 68A0916F19059F0E00E5B825 /* wluc_wnm.c */; };
		68A0917219059F4700E5B825 /* wluc_cac.c in Sources */ = {isa = PBXBuildFile; fileRef = 68A0917119059F4700E5B825 /* wluc_cac.c */; };
		68A09180191051FF00E5B825 /* wluc_arpoe.c in Sources */ = {isa = PBXBuildFile; fileRef = 68A0917F191051FF00E5B825 /* wluc_arpoe.c */; };
		68A091821910521B00E5B825 /* wluc_bssload.c in Sources */ = {isa = PBXBuildFile; fileRef = 68A091811910521B00E5B825 /* wluc_bssload.c */; };
		68A091841910524400E5B825 /* wluc_keep_alive.c in Sources */ = {isa = PBXBuildFile; fileRef = 68A091831910524400E5B825 /* wluc_keep_alive.c */; };
		68A091861910525800E5B825 /* wluc_mfp.c in Sources */ = {isa = PBXBuildFile; fileRef = 68A091851910525800E5B825 /* wluc_mfp.c */; };
		68A091881910527300E5B825 /* wluc_offloads.c in Sources */ = {isa = PBXBuildFile; fileRef = 68A091871910527300E5B825 /* wluc_offloads.c */; };
		68A0918A1910528E00E5B825 /* wluc_ota_test.c in Sources */ = {isa = PBXBuildFile; fileRef = 68A091891910528E00E5B825 /* wluc_ota_test.c */; };
		68A0918C191052A200E5B825 /* wluc_pkt_filter.c in Sources */ = {isa = PBXBuildFile; fileRef = 68A0918B191052A200E5B825 /* wluc_pkt_filter.c */; };
		68A0918E191052B600E5B825 /* wluc_stf.c in Sources */ = {isa = PBXBuildFile; fileRef = 68A0918D191052B600E5B825 /* wluc_stf.c */; };
		68A09190191052C500E5B825 /* wluc_toe.c in Sources */ = {isa = PBXBuildFile; fileRef = 68A0918F191052C500E5B825 /* wluc_toe.c */; };
		68A09192191052D500E5B825 /* wluc_tpc.c in Sources */ = {isa = PBXBuildFile; fileRef = 68A09191191052D500E5B825 /* wluc_tpc.c */; };
		68A09194191052E100E5B825 /* wluc_wowl.c in Sources */ = {isa = PBXBuildFile; fileRef = 68A09193191052E100E5B825 /* wluc_wowl.c */; };
		68F0408A1950F6DD006A577D /* wluc_ap.c in Sources */ = {isa = PBXBuildFile; fileRef = 68F040881950F6DD006A577D /* wluc_ap.c */; };
		68F0408B1950F6DD006A577D /* wluc_bmac.c in Sources */ = {isa = PBXBuildFile; fileRef = 68F040891950F6DD006A577D /* wluc_bmac.c */; };
		68F0408E1950F708006A577D /* wluc_ampdu_cmn.c in Sources */ = {isa = PBXBuildFile; fileRef = 68F0408C1950F708006A577D /* wluc_ampdu_cmn.c */; };
		68F0408F1950F708006A577D /* wluc_ampdu.c in Sources */ = {isa = PBXBuildFile; fileRef = 68F0408D1950F708006A577D /* wluc_ampdu.c */; };
		68F040911950F735006A577D /* wluc_btcx.c in Sources */ = {isa = PBXBuildFile; fileRef = 68F040901950F735006A577D /* wluc_btcx.c */; };
		68F040981950F757006A577D /* wluc_ht.c in Sources */ = {isa = PBXBuildFile; fileRef = 68F040921950F757006A577D /* wluc_ht.c */; };
		68F040991950F757006A577D /* wluc_interfere.c in Sources */ = {isa = PBXBuildFile; fileRef = 68F040931950F757006A577D /* wluc_interfere.c */; };
		68F0409A1950F757006A577D /* wluc_keymgmt.c in Sources */ = {isa = PBXBuildFile; fileRef = 68F040941950F757006A577D /* wluc_keymgmt.c */; };
		68F0409B1950F757006A577D /* wluc_led.c in Sources */ = {isa = PBXBuildFile; fileRef = 68F040951950F757006A577D /* wluc_led.c */; };
		68F0409C1950F757006A577D /* wluc_lq.c in Sources */ = {isa = PBXBuildFile; fileRef = 68F040961950F757006A577D /* wluc_lq.c */; };
		68F0409D1950F757006A577D /* wluc_ltecx.c in Sources */ = {isa = PBXBuildFile; fileRef = 68F040971950F757006A577D /* wluc_ltecx.c */; };
		68F0409F1950F776006A577D /* wluc_obss.c in Sources */ = {isa = PBXBuildFile; fileRef = 68F0409E1950F776006A577D /* wluc_obss.c */; };
		68F040A11950F796006A577D /* wluc_prot_obss.c in Sources */ = {isa = PBXBuildFile; fileRef = 68F040A01950F796006A577D /* wluc_prot_obss.c */; };
		68F040A41950F7B1006A577D /* wluc_scan.c in Sources */ = {isa = PBXBuildFile; fileRef = 68F040A21950F7B1006A577D /* wluc_scan.c */; };
		68F040A51950F7B1006A577D /* wluc_seq_cmds.c in Sources */ = {isa = PBXBuildFile; fileRef = 68F040A31950F7B1006A577D /* wluc_seq_cmds.c */; };
		68F040A71950F7BC006A577D /* wluc_wds.c in Sources */ = {isa = PBXBuildFile; fileRef = 68F040A61950F7BC006A577D /* wluc_wds.c */; };
		83103F5814EB297700F33644 /* wlu_macos.c in Sources */ = {isa = PBXBuildFile; fileRef = 83103F5714EB297700F33644 /* wlu_macos.c */; };
		83103F6C14EB2A6D00F33644 /* miniopt.c in Sources */ = {isa = PBXBuildFile; fileRef = 83103F6B14EB2A6D00F33644 /* miniopt.c */; };
		8399D55E14EAF52700802AB4 /* bcm_app_utils.c in Sources */ = {isa = PBXBuildFile; fileRef = 8399D55D14EAF52700802AB4 /* bcm_app_utils.c */; };
		8399D56D14EAF5B300802AB4 /* wlu_common.c in Sources */ = {isa = PBXBuildFile; fileRef = 8399D56B14EAF5B300802AB4 /* wlu_common.c */; };
		8399D57914EAF65500802AB4 /* wlu_pipe_linux.c in Sources */ = {isa = PBXBuildFile; fileRef = 8399D57814EAF65500802AB4 /* wlu_pipe_linux.c */; };
		8399D58F14EAF6C400802AB4 /* wlu_pipe.c in Sources */ = {isa = PBXBuildFile; fileRef = 8399D58D14EAF6C400802AB4 /* wlu_pipe.c */; };
		8399D59E14EAF72400802AB4 /* wlu_client_shared.c in Sources */ = {isa = PBXBuildFile; fileRef = 8399D59C14EAF72400802AB4 /* wlu_client_shared.c */; };
		8DD76F790486A8DE00D96B5E /* CoreFoundation.framework in Frameworks */ = {isa = PBXBuildFile; fileRef = 09AB6884FE841BABC02AAC07 /* CoreFoundation.framework */; };
		E31461B40B828F6D0054EB8E /* bcmutils.c in Sources */ = {isa = PBXBuildFile; fileRef = E31461B20B828F6D0054EB8E /* bcmutils.c */; };
		E31461B90B828F8C0054EB8E /* wlu.c in Sources */ = {isa = PBXBuildFile; fileRef = E31461B70B828F8C0054EB8E /* wlu.c */; };
		E31461C30B82907B0054EB8E /* IOKit.framework in Frameworks */ = {isa = PBXBuildFile; fileRef = E31461C20B82907B0054EB8E /* IOKit.framework */; };
/* End PBXBuildFile section */

/* Begin PBXCopyFilesBuildPhase section */
		8DD76F7B0486A8DE00D96B5E /* CopyFiles */ = {
			isa = PBXCopyFilesBuildPhase;
			buildActionMask = 8;
			dstPath = /usr/share/man/man1/;
			dstSubfolderSpec = 0;
			files = (
			);
			runOnlyForDeploymentPostprocessing = 1;
		};
/* End PBXCopyFilesBuildPhase section */

/* Begin PBXFileReference section */
		09AB6884FE841BABC02AAC07 /* CoreFoundation.framework */ = {isa = PBXFileReference; lastKnownFileType = wrapper.framework; name = CoreFoundation.framework; path = /System/Library/Frameworks/CoreFoundation.framework; sourceTree = "<absolute>"; };
		2DE35C5E17BDB8320096C036 /* darwin.c */ = {isa = PBXFileReference; fileEncoding = 4; lastKnownFileType = sourcecode.c.c; name = darwin.c; path = ../../usbdev/libusb/darwin.c; sourceTree = "<group>"; };
		2DE35C6017BDB8550096C036 /* dhdioctl_usr.c */ = {isa = PBXFileReference; fileEncoding = 4; lastKnownFileType = sourcecode.c.c; name = dhdioctl_usr.c; path = ../../dhd/sys/dhdioctl_usr.c; sourceTree = "<group>"; };
		2DE35C6217BDC09A0096C036 /* bcmwifi_channels.c */ = {isa = PBXFileReference; fileEncoding = 4; lastKnownFileType = sourcecode.c.c; name = bcmwifi_channels.c; path = ../../shared/bcmwifi/src/bcmwifi_channels.c; sourceTree = "<group>"; };
		2DE35C6417BDC0E90096C036 /* wlc_ppr.c */ = {isa = PBXFileReference; fileEncoding = 4; lastKnownFileType = sourcecode.c.c; name = wlc_ppr.c; path = ../ppr/src/wlc_ppr.c; sourceTree = "<group>"; };
		2DE35C6617BDC12E0096C036 /* wlu_rates_matrix.c */ = {isa = PBXFileReference; fileEncoding = 4; lastKnownFileType = sourcecode.c.c; path = wlu_rates_matrix.c; sourceTree = "<group>"; };
		2DE35C6817BDC1A00096C036 /* usb.c */ = {isa = PBXFileReference; fileEncoding = 4; lastKnownFileType = sourcecode.c.c; name = usb.c; path = ../../usbdev/libusb/usb.c; sourceTree = "<group>"; };
		2DE35C6A17BDC1E40096C036 /* error.c */ = {isa = PBXFileReference; fileEncoding = 4; lastKnownFileType = sourcecode.c.c; name = error.c; path = ../../usbdev/libusb/error.c; sourceTree = "<group>"; };
		2DE35C6C17BDC2120096C036 /* descriptors.c */ = {isa = PBXFileReference; fileEncoding = 4; lastKnownFileType = sourcecode.c.c; name = descriptors.c; path = ../../usbdev/libusb/descriptors.c; sourceTree = "<group>"; };
		483DA5BD1A88F3CA001F411A /* bcmxtlv.c */ = {isa = PBXFileReference; fileEncoding = 4; lastKnownFileType = sourcecode.c.c; name = bcmxtlv.c; path = ../../shared/bcmxtlv.c; sourceTree = "<group>"; };
		5112BB181DA54406002DB488 /* wluc_tko.c */ = {isa = PBXFileReference; fileEncoding = 4; lastKnownFileType = sourcecode.c.c; path = wluc_tko.c; sourceTree = "<group>"; };
		51A217FA1DA67B9000EB39B2 /* wluc_bdo.c */ = {isa = PBXFileReference; fileEncoding = 4; lastKnownFileType = sourcecode.c.c; path = wluc_bdo.c; sourceTree = "<group>"; };
		51A217FC1DA67BC400EB39B2 /* wluc_anqpo.c */ = {isa = PBXFileReference; fileEncoding = 4; lastKnownFileType = sourcecode.c.c; path = wluc_anqpo.c; sourceTree = "<group>"; };
		51A217FE1DA67C0A00EB39B2 /* wluc_ndoe.c */ = {isa = PBXFileReference; fileEncoding = 4; lastKnownFileType = sourcecode.c.c; path = wluc_ndoe.c; sourceTree = "<group>"; };
		51A218001DA67CA700EB39B2 /* wluc_rsdb.c */ = {isa = PBXFileReference; fileEncoding = 4; lastKnownFileType = sourcecode.c.c; path = wluc_rsdb.c; sourceTree = "<group>"; };
		52FED6B51D35BA7900CA0A99 /* wlu_subcounters.c */ = {isa = PBXFileReference; fileEncoding = 4; lastKnownFileType = sourcecode.c.c; path = wlu_subcounters.c; sourceTree = "<group>"; };
		52FED6B71D35BAB900CA0A99 /* wlu_subcounters.h */ = {isa = PBXFileReference; fileEncoding = 4; lastKnownFileType = sourcecode.c.h; path = wlu_subcounters.h; sourceTree = "<group>"; };
		6232DD821C9B57B300F6BF9A /* wluc_he.c */ = {isa = PBXFileReference; fileEncoding = 4; lastKnownFileType = sourcecode.c.c; path = wluc_he.c; sourceTree = "<group>"; };
		689988251910589700EED72B /* wluc_sdio.c */ = {isa = PBXFileReference; fileEncoding = 4; lastKnownFileType = sourcecode.c.c; path = wluc_sdio.c; sourceTree = "<group>"; };
		68A0916919059E3500E5B825 /* wluc_phy.c */ = {isa = PBXFileReference; fileEncoding = 4; lastKnownFileType = sourcecode.c.c; path = wluc_phy.c; sourceTree = "<group>"; };
		68A0916B19059E6700E5B825 /* wluc_rrm.c */ = {isa = PBXFileReference; fileEncoding = 4; lastKnownFileType = sourcecode.c.c; path = wluc_rrm.c; sourceTree = "<group>"; };
		68A0916D19059E9600E5B825 /* wluc_relmcast.c */ = {isa = PBXFileReference; fileEncoding = 4; lastKnownFileType = sourcecode.c.c; path = wluc_relmcast.c; sourceTree = "<group>"; };
		68A0916F19059F0E00E5B825 /* wluc_wnm.c */ = {isa = PBXFileReference; fileEncoding = 4; lastKnownFileType = sourcecode.c.c; path = wluc_wnm.c; sourceTree = "<group>"; };
		68A0917119059F4700E5B825 /* wluc_cac.c */ = {isa = PBXFileReference; fileEncoding = 4; lastKnownFileType = sourcecode.c.c; path = wluc_cac.c; sourceTree = "<group>"; };
		68A0917F191051FF00E5B825 /* wluc_arpoe.c */ = {isa = PBXFileReference; fileEncoding = 4; lastKnownFileType = sourcecode.c.c; path = wluc_arpoe.c; sourceTree = "<group>"; };
		68A091811910521B00E5B825 /* wluc_bssload.c */ = {isa = PBXFileReference; fileEncoding = 4; lastKnownFileType = sourcecode.c.c; path = wluc_bssload.c; sourceTree = "<group>"; };
		68A091831910524400E5B825 /* wluc_keep_alive.c */ = {isa = PBXFileReference; fileEncoding = 4; lastKnownFileType = sourcecode.c.c; path = wluc_keep_alive.c; sourceTree = "<group>"; };
		68A091851910525800E5B825 /* wluc_mfp.c */ = {isa = PBXFileReference; fileEncoding = 4; lastKnownFileType = sourcecode.c.c; path = wluc_mfp.c; sourceTree = "<group>"; };
		68A091871910527300E5B825 /* wluc_offloads.c */ = {isa = PBXFileReference; fileEncoding = 4; lastKnownFileType = sourcecode.c.c; path = wluc_offloads.c; sourceTree = "<group>"; };
		68A091891910528E00E5B825 /* wluc_ota_test.c */ = {isa = PBXFileReference; fileEncoding = 4; lastKnownFileType = sourcecode.c.c; path = wluc_ota_test.c; sourceTree = "<group>"; };
		68A0918B191052A200E5B825 /* wluc_pkt_filter.c */ = {isa = PBXFileReference; fileEncoding = 4; lastKnownFileType = sourcecode.c.c; path = wluc_pkt_filter.c; sourceTree = "<group>"; };
		68A0918D191052B600E5B825 /* wluc_stf.c */ = {isa = PBXFileReference; fileEncoding = 4; lastKnownFileType = sourcecode.c.c; path = wluc_stf.c; sourceTree = "<group>"; };
		68A0918F191052C500E5B825 /* wluc_toe.c */ = {isa = PBXFileReference; fileEncoding = 4; lastKnownFileType = sourcecode.c.c; path = wluc_toe.c; sourceTree = "<group>"; };
		68A09191191052D500E5B825 /* wluc_tpc.c */ = {isa = PBXFileReference; fileEncoding = 4; lastKnownFileType = sourcecode.c.c; path = wluc_tpc.c; sourceTree = "<group>"; };
		68A09193191052E100E5B825 /* wluc_wowl.c */ = {isa = PBXFileReference; fileEncoding = 4; lastKnownFileType = sourcecode.c.c; path = wluc_wowl.c; sourceTree = "<group>"; };
		68F040881950F6DD006A577D /* wluc_ap.c */ = {isa = PBXFileReference; fileEncoding = 4; lastKnownFileType = sourcecode.c.c; path = wluc_ap.c; sourceTree = "<group>"; };
		68F040891950F6DD006A577D /* wluc_bmac.c */ = {isa = PBXFileReference; fileEncoding = 4; lastKnownFileType = sourcecode.c.c; path = wluc_bmac.c; sourceTree = "<group>"; };
		68F0408C1950F708006A577D /* wluc_ampdu_cmn.c */ = {isa = PBXFileReference; fileEncoding = 4; lastKnownFileType = sourcecode.c.c; path = wluc_ampdu_cmn.c; sourceTree = "<group>"; };
		68F0408D1950F708006A577D /* wluc_ampdu.c */ = {isa = PBXFileReference; fileEncoding = 4; lastKnownFileType = sourcecode.c.c; path = wluc_ampdu.c; sourceTree = "<group>"; };
		68F040901950F735006A577D /* wluc_btcx.c */ = {isa = PBXFileReference; fileEncoding = 4; lastKnownFileType = sourcecode.c.c; path = wluc_btcx.c; sourceTree = "<group>"; };
		68F040921950F757006A577D /* wluc_ht.c */ = {isa = PBXFileReference; fileEncoding = 4; lastKnownFileType = sourcecode.c.c; path = wluc_ht.c; sourceTree = "<group>"; };
		68F040931950F757006A577D /* wluc_interfere.c */ = {isa = PBXFileReference; fileEncoding = 4; lastKnownFileType = sourcecode.c.c; path = wluc_interfere.c; sourceTree = "<group>"; };
		68F040941950F757006A577D /* wluc_keymgmt.c */ = {isa = PBXFileReference; fileEncoding = 4; lastKnownFileType = sourcecode.c.c; path = wluc_keymgmt.c; sourceTree = "<group>"; };
		68F040951950F757006A577D /* wluc_led.c */ = {isa = PBXFileReference; fileEncoding = 4; lastKnownFileType = sourcecode.c.c; path = wluc_led.c; sourceTree = "<group>"; };
		68F040961950F757006A577D /* wluc_lq.c */ = {isa = PBXFileReference; fileEncoding = 4; lastKnownFileType = sourcecode.c.c; path = wluc_lq.c; sourceTree = "<group>"; };
		68F040971950F757006A577D /* wluc_ltecx.c */ = {isa = PBXFileReference; fileEncoding = 4; lastKnownFileType = sourcecode.c.c; path = wluc_ltecx.c; sourceTree = "<group>"; };
		68F0409E1950F776006A577D /* wluc_obss.c */ = {isa = PBXFileReference; fileEncoding = 4; lastKnownFileType = sourcecode.c.c; path = wluc_obss.c; sourceTree = "<group>"; };
		68F040A01950F796006A577D /* wluc_prot_obss.c */ = {isa = PBXFileReference; fileEncoding = 4; lastKnownFileType = sourcecode.c.c; path = wluc_prot_obss.c; sourceTree = "<group>"; };
		68F040A21950F7B1006A577D /* wluc_scan.c */ = {isa = PBXFileReference; fileEncoding = 4; lastKnownFileType = sourcecode.c.c; path = wluc_scan.c; sourceTree = "<group>"; };
		68F040A31950F7B1006A577D /* wluc_seq_cmds.c */ = {isa = PBXFileReference; fileEncoding = 4; lastKnownFileType = sourcecode.c.c; path = wluc_seq_cmds.c; sourceTree = "<group>"; };
		68F040A61950F7BC006A577D /* wluc_wds.c */ = {isa = PBXFileReference; fileEncoding = 4; lastKnownFileType = sourcecode.c.c; path = wluc_wds.c; sourceTree = "<group>"; };
		83103F5714EB297700F33644 /* wlu_macos.c */ = {isa = PBXFileReference; fileEncoding = 4; lastKnownFileType = sourcecode.c.c; path = wlu_macos.c; sourceTree = "<group>"; };
		83103F6B14EB2A6D00F33644 /* miniopt.c */ = {isa = PBXFileReference; fileEncoding = 4; lastKnownFileType = sourcecode.c.c; name = miniopt.c; path = ../../shared/miniopt.c; sourceTree = SOURCE_ROOT; };
		8399D55D14EAF52700802AB4 /* bcm_app_utils.c */ = {isa = PBXFileReference; fileEncoding = 4; lastKnownFileType = sourcecode.c.c; name = bcm_app_utils.c; path = ../../shared/bcm_app_utils.c; sourceTree = SOURCE_ROOT; };
		8399D56B14EAF5B300802AB4 /* wlu_common.c */ = {isa = PBXFileReference; fileEncoding = 4; lastKnownFileType = sourcecode.c.c; path = wlu_common.c; sourceTree = "<group>"; };
		8399D56C14EAF5B300802AB4 /* wlu_common.h */ = {isa = PBXFileReference; fileEncoding = 4; lastKnownFileType = sourcecode.c.h; path = wlu_common.h; sourceTree = "<group>"; };
		8399D57814EAF65500802AB4 /* wlu_pipe_linux.c */ = {isa = PBXFileReference; fileEncoding = 4; lastKnownFileType = sourcecode.c.c; path = wlu_pipe_linux.c; sourceTree = "<group>"; };
		8399D58214EAF68B00802AB4 /* wlu_remote.h */ = {isa = PBXFileReference; fileEncoding = 4; lastKnownFileType = sourcecode.c.h; path = wlu_remote.h; sourceTree = "<group>"; };
		8399D58D14EAF6C400802AB4 /* wlu_pipe.c */ = {isa = PBXFileReference; fileEncoding = 4; lastKnownFileType = sourcecode.c.c; path = wlu_pipe.c; sourceTree = "<group>"; };
		8399D58E14EAF6C400802AB4 /* wlu_pipe.h */ = {isa = PBXFileReference; fileEncoding = 4; lastKnownFileType = sourcecode.c.h; path = wlu_pipe.h; sourceTree = "<group>"; };
		8399D59C14EAF72400802AB4 /* wlu_client_shared.c */ = {isa = PBXFileReference; fileEncoding = 4; lastKnownFileType = sourcecode.c.c; path = wlu_client_shared.c; sourceTree = "<group>"; };
		8399D59D14EAF72400802AB4 /* wlu_client_shared.h */ = {isa = PBXFileReference; fileEncoding = 4; lastKnownFileType = sourcecode.c.h; path = wlu_client_shared.h; sourceTree = "<group>"; };
		8399D73514EB210400802AB4 /* typedefs.h */ = {isa = PBXFileReference; fileEncoding = 4; lastKnownFileType = sourcecode.c.h; name = typedefs.h; path = ../../include/typedefs.h; sourceTree = SOURCE_ROOT; };
		8DD76F7E0486A8DE00D96B5E /* wl */ = {isa = PBXFileReference; explicitFileType = "compiled.mach-o.executable"; includeInIndex = 0; path = wl; sourceTree = BUILT_PRODUCTS_DIR; };
		E31461B20B828F6D0054EB8E /* bcmutils.c */ = {isa = PBXFileReference; fileEncoding = 30; lastKnownFileType = sourcecode.c.c; name = bcmutils.c; path = ../../shared/bcmutils.c; sourceTree = SOURCE_ROOT; };
		E31461B70B828F8C0054EB8E /* wlu.c */ = {isa = PBXFileReference; fileEncoding = 30; lastKnownFileType = sourcecode.c.c; path = wlu.c; sourceTree = "<group>"; };
		E31461C20B82907B0054EB8E /* IOKit.framework */ = {isa = PBXFileReference; lastKnownFileType = wrapper.framework; name = IOKit.framework; path = /System/Library/Frameworks/IOKit.framework; sourceTree = "<absolute>"; };
/* End PBXFileReference section */

/* Begin PBXFrameworksBuildPhase section */
		8DD76F780486A8DE00D96B5E /* Frameworks */ = {
			isa = PBXFrameworksBuildPhase;
			buildActionMask = 2147483647;
			files = (
				8DD76F790486A8DE00D96B5E /* CoreFoundation.framework in Frameworks */,
				E31461C30B82907B0054EB8E /* IOKit.framework in Frameworks */,
			);
			runOnlyForDeploymentPostprocessing = 0;
		};
/* End PBXFrameworksBuildPhase section */

/* Begin PBXGroup section */
		08FB7794FE84155DC02AAC07 /* wl */ = {
			isa = PBXGroup;
			children = (
				08FB7795FE84155DC02AAC07 /* Source */,
				C6859E96029091FE04C91782 /* Documentation */,
				08FB779DFE84155DC02AAC07 /* External Frameworks and Libraries */,
				19C28FBDFE9D53C911CA2CBB /* Products */,
			);
			name = wl;
			sourceTree = "<group>";
		};
		08FB7795FE84155DC02AAC07 /* Source */ = {
			isa = PBXGroup;
			children = (
				52FED6B71D35BAB900CA0A99 /* wlu_subcounters.h */,
				52FED6B51D35BA7900CA0A99 /* wlu_subcounters.c */,
				51A218001DA67CA700EB39B2 /* wluc_rsdb.c */,
				51A217FC1DA67BC400EB39B2 /* wluc_anqpo.c */,
				51A217FA1DA67B9000EB39B2 /* wluc_bdo.c */,
				51A217FE1DA67C0A00EB39B2 /* wluc_ndoe.c */,
				5112BB181DA54406002DB488 /* wluc_tko.c */,
				6232DD821C9B57B300F6BF9A /* wluc_he.c */,
				68F040A61950F7BC006A577D /* wluc_wds.c */,
				68F040A21950F7B1006A577D /* wluc_scan.c */,
				68F040A31950F7B1006A577D /* wluc_seq_cmds.c */,
				68F040A01950F796006A577D /* wluc_prot_obss.c */,
				68F0409E1950F776006A577D /* wluc_obss.c */,
				68F040921950F757006A577D /* wluc_ht.c */,
				68F040931950F757006A577D /* wluc_interfere.c */,
				68F040941950F757006A577D /* wluc_keymgmt.c */,
				68F040951950F757006A577D /* wluc_led.c */,
				68F040961950F757006A577D /* wluc_lq.c */,
				68F040971950F757006A577D /* wluc_ltecx.c */,
				68F040901950F735006A577D /* wluc_btcx.c */,
				68F0408C1950F708006A577D /* wluc_ampdu_cmn.c */,
				68F0408D1950F708006A577D /* wluc_ampdu.c */,
				68F040881950F6DD006A577D /* wluc_ap.c */,
				68F040891950F6DD006A577D /* wluc_bmac.c */,
				689988251910589700EED72B /* wluc_sdio.c */,
				68A09193191052E100E5B825 /* wluc_wowl.c */,
				68A09191191052D500E5B825 /* wluc_tpc.c */,
				68A0918F191052C500E5B825 /* wluc_toe.c */,
				68A0918D191052B600E5B825 /* wluc_stf.c */,
				68A0918B191052A200E5B825 /* wluc_pkt_filter.c */,
				68A091891910528E00E5B825 /* wluc_ota_test.c */,
				68A091871910527300E5B825 /* wluc_offloads.c */,
				68A091851910525800E5B825 /* wluc_mfp.c */,
				68A091831910524400E5B825 /* wluc_keep_alive.c */,
				68A091811910521B00E5B825 /* wluc_bssload.c */,
				68A0917F191051FF00E5B825 /* wluc_arpoe.c */,
				68A0917119059F4700E5B825 /* wluc_cac.c */,
				68A0916F19059F0E00E5B825 /* wluc_wnm.c */,
				68A0916D19059E9600E5B825 /* wluc_relmcast.c */,
				68A0916B19059E6700E5B825 /* wluc_rrm.c */,
				68A0916919059E3500E5B825 /* wluc_phy.c */,
				83103F6B14EB2A6D00F33644 /* miniopt.c */,
				8399D59C14EAF72400802AB4 /* wlu_client_shared.c */,
				8399D59D14EAF72400802AB4 /* wlu_client_shared.h */,
				8399D58D14EAF6C400802AB4 /* wlu_pipe.c */,
				8399D73514EB210400802AB4 /* typedefs.h */,
				8399D58E14EAF6C400802AB4 /* wlu_pipe.h */,
				8399D58214EAF68B00802AB4 /* wlu_remote.h */,
				83103F5714EB297700F33644 /* wlu_macos.c */,
				8399D57814EAF65500802AB4 /* wlu_pipe_linux.c */,
				2DE35C6017BDB8550096C036 /* dhdioctl_usr.c */,
				2DE35C6C17BDC2120096C036 /* descriptors.c */,
				2DE35C6A17BDC1E40096C036 /* error.c */,
				2DE35C6817BDC1A00096C036 /* usb.c */,
				2DE35C6617BDC12E0096C036 /* wlu_rates_matrix.c */,
				2DE35C6417BDC0E90096C036 /* wlc_ppr.c */,
				2DE35C6217BDC09A0096C036 /* bcmwifi_channels.c */,
				2DE35C5E17BDB8320096C036 /* darwin.c */,
				8399D56B14EAF5B300802AB4 /* wlu_common.c */,
				8399D56C14EAF5B300802AB4 /* wlu_common.h */,
				8399D55D14EAF52700802AB4 /* bcm_app_utils.c */,
				E31461B70B828F8C0054EB8E /* wlu.c */,
				E31461B20B828F6D0054EB8E /* bcmutils.c */,
				483DA5BD1A88F3CA001F411A /* bcmxtlv.c */,
			);
			name = Source;
			sourceTree = "<group>";
		};
		08FB779DFE84155DC02AAC07 /* External Frameworks and Libraries */ = {
			isa = PBXGroup;
			children = (
				E31461C20B82907B0054EB8E /* IOKit.framework */,
				09AB6884FE841BABC02AAC07 /* CoreFoundation.framework */,
			);
			name = "External Frameworks and Libraries";
			sourceTree = "<group>";
		};
		19C28FBDFE9D53C911CA2CBB /* Products */ = {
			isa = PBXGroup;
			children = (
				8DD76F7E0486A8DE00D96B5E /* wl */,
			);
			name = Products;
			sourceTree = "<group>";
		};
		C6859E96029091FE04C91782 /* Documentation */ = {
			isa = PBXGroup;
			children = (
			);
			name = Documentation;
			sourceTree = "<group>";
		};
/* End PBXGroup section */

/* Begin PBXNativeTarget section */
		8DD76F740486A8DE00D96B5E /* wl */ = {
			isa = PBXNativeTarget;
			buildConfigurationList = 1DEB924708733DCA0010E9CD /* Build configuration list for PBXNativeTarget "wl" */;
			buildPhases = (
				8DD76F760486A8DE00D96B5E /* Sources */,
				8DD76F780486A8DE00D96B5E /* Frameworks */,
				8DD76F7B0486A8DE00D96B5E /* CopyFiles */,
			);
			buildRules = (
			);
			dependencies = (
			);
			name = wl;
			productInstallPath = "$(HOME)/bin";
			productName = wl;
			productReference = 8DD76F7E0486A8DE00D96B5E /* wl */;
			productType = "com.apple.product-type.tool";
		};
/* End PBXNativeTarget section */

/* Begin PBXProject section */
		08FB7793FE84155DC02AAC07 /* Project object */ = {
			isa = PBXProject;
			attributes = {
				LastUpgradeCheck = 0420;
			};
			buildConfigurationList = 1DEB924B08733DCA0010E9CD /* Build configuration list for PBXProject "wl" */;
			compatibilityVersion = "Xcode 3.2";
			developmentRegion = English;
			hasScannedForEncodings = 1;
			knownRegions = (
				English,
				Japanese,
				French,
				German,
			);
			mainGroup = 08FB7794FE84155DC02AAC07 /* wl */;
			projectDirPath = "";
			projectRoot = "";
			targets = (
				8DD76F740486A8DE00D96B5E /* wl */,
			);
		};
/* End PBXProject section */

/* Begin PBXSourcesBuildPhase section */
		8DD76F760486A8DE00D96B5E /* Sources */ = {
			isa = PBXSourcesBuildPhase;
			buildActionMask = 2147483647;
			files = (
				68F040981950F757006A577D /* wluc_ht.c in Sources */,
				6232DD831C9B57B300F6BF9A /* wluc_he.c in Sources */,
				68A091861910525800E5B825 /* wluc_mfp.c in Sources */,
				E31461B40B828F6D0054EB8E /* bcmutils.c in Sources */,
				E31461B90B828F8C0054EB8E /* wlu.c in Sources */,
				68A091881910527300E5B825 /* wluc_offloads.c in Sources */,
				8399D55E14EAF52700802AB4 /* bcm_app_utils.c in Sources */,
				8399D56D14EAF5B300802AB4 /* wlu_common.c in Sources */,
				8399D57914EAF65500802AB4 /* wlu_pipe_linux.c in Sources */,
				8399D58F14EAF6C400802AB4 /* wlu_pipe.c in Sources */,
				52FED6B61D35BA7900CA0A99 /* wlu_subcounters.c in Sources */,
				68A0916A19059E3500E5B825 /* wluc_phy.c in Sources */,
				68F040991950F757006A577D /* wluc_interfere.c in Sources */,
				68F0408A1950F6DD006A577D /* wluc_ap.c in Sources */,
				68F040A11950F796006A577D /* wluc_prot_obss.c in Sources */,
				68F040A71950F7BC006A577D /* wluc_wds.c in Sources */,
				68F040A51950F7B1006A577D /* wluc_seq_cmds.c in Sources */,
				8399D59E14EAF72400802AB4 /* wlu_client_shared.c in Sources */,
				68A0916C19059E6700E5B825 /* wluc_rrm.c in Sources */,
				68A0916E19059E9600E5B825 /* wluc_relmcast.c in Sources */,
				83103F5814EB297700F33644 /* wlu_macos.c in Sources */,
				68A09194191052E100E5B825 /* wluc_wowl.c in Sources */,
				68A0918A1910528E00E5B825 /* wluc_ota_test.c in Sources */,
				68F0408F1950F708006A577D /* wluc_ampdu.c in Sources */,
				689988261910589700EED72B /* wluc_sdio.c in Sources */,
				68A0918C191052A200E5B825 /* wluc_pkt_filter.c in Sources */,
				68F040911950F735006A577D /* wluc_btcx.c in Sources */,
				68A09180191051FF00E5B825 /* wluc_arpoe.c in Sources */,
				51A217FB1DA67B9000EB39B2 /* wluc_bdo.c in Sources */,
				83103F6C14EB2A6D00F33644 /* miniopt.c in Sources */,
				51A217FD1DA67BC400EB39B2 /* wluc_anqpo.c in Sources */,
				2DE35C5F17BDB8320096C036 /* darwin.c in Sources */,
				68F0409A1950F757006A577D /* wluc_keymgmt.c in Sources */,
				2DE35C6117BDB8550096C036 /* dhdioctl_usr.c in Sources */,
				68A0917219059F4700E5B825 /* wluc_cac.c in Sources */,
				2DE35C6317BDC09A0096C036 /* bcmwifi_channels.c in Sources */,
				68A091821910521B00E5B825 /* wluc_bssload.c in Sources */,
				68F0409B1950F757006A577D /* wluc_led.c in Sources */,
				68F0408B1950F6DD006A577D /* wluc_bmac.c in Sources */,
				68A091841910524400E5B825 /* wluc_keep_alive.c in Sources */,
				68F0409F1950F776006A577D /* wluc_obss.c in Sources */,
				2DE35C6517BDC0E90096C036 /* wlc_ppr.c in Sources */,
				2DE35C6717BDC12E0096C036 /* wlu_rates_matrix.c in Sources */,
				2DE35C6917BDC1A00096C036 /* usb.c in Sources */,
				68F0408E1950F708006A577D /* wluc_ampdu_cmn.c in Sources */,
				2DE35C6B17BDC1E40096C036 /* error.c in Sources */,
				68F0409D1950F757006A577D /* wluc_ltecx.c in Sources */,
				5112BB191DA54406002DB488 /* wluc_tko.c in Sources */,
				68A09190191052C500E5B825 /* wluc_toe.c in Sources */,
				51A218011DA67CA700EB39B2 /* wluc_rsdb.c in Sources */,
				68A09192191052D500E5B825 /* wluc_tpc.c in Sources */,
				68F040A41950F7B1006A577D /* wluc_scan.c in Sources */,
				2DE35C6D17BDC2120096C036 /* descriptors.c in Sources */,
				51A217FF1DA67C0A00EB39B2 /* wluc_ndoe.c in Sources */,
				68F0409C1950F757006A577D /* wluc_lq.c in Sources */,
				68A0918E191052B600E5B825 /* wluc_stf.c in Sources */,
				68A0917019059F0E00E5B825 /* wluc_wnm.c in Sources */,
				483DA5BE1A88F3CA001F411A /* bcmxtlv.c in Sources */,
			);
			runOnlyForDeploymentPostprocessing = 0;
		};
/* End PBXSourcesBuildPhase section */

/* Begin XCBuildConfiguration section */
		1DEB924808733DCA0010E9CD /* Debug */ = {
			isa = XCBuildConfiguration;
			buildSettings = {
				ARCHS = "$(ARCHS_STANDARD_32_BIT)";
				COPY_PHASE_STRIP = NO;
				GCC_DYNAMIC_NO_PIC = NO;
				GCC_MODEL_TUNING = G5;
				GCC_OPTIMIZATION_LEVEL = 0;
				INSTALL_PATH = "$(HOME)/bin";
				LIBRARY_SEARCH_PATHS = "$(inherited)";
				MACOSX_DEPLOYMENT_TARGET = 10.9;
				"MACOSX_DEPLOYMENT_TARGET[sdk=macosx10.10]" = 10.9;
				MAC_OSX_10_7_IOKIT_INCLUDE = /Developer/SDKs/MacOSX10.7.sdk/System/Library/Frameworks/IOKit.framework/Headers;
				OTHER_CFLAGS = (
					"-DSERDOWNLOAD",
					"-DMACOSX",
					"-DOLYMPIC_RWL",
					"-DRWL_SERIAL",
					"-DRWL_SOCKET",
					"-DMACOS_DHD_DONGLE",
				);
				"OTHER_CFLAGS[arch=*]" = (
					"-DSERDOWNLOAD",
					"-DMACOSX",
					"-DOLYMPIC_RWL",
					"-DRWL_SERIAL",
					"-DRWL_SOCKET",
					"-DMACOS_DHD_DONGLE",
				);
				OTHER_CPLUSPLUSFLAGS = (
					"-DMACOSX",
					"-DSERDOWNLOAD",
					"-DOLYMPIC_RWL",
					"-DRWL_SERIAL",
					"-DRWL_SOCKET",
					"-DRDR_5905993",
				);
				PRODUCT_NAME = wl;
				SDKROOT = macosx10.10;
				USER_HEADER_SEARCH_PATHS = "$(MAC_OSX_10_7_IOKIT_INCLUDE) ../../include ../../dhd/macos ../../../components/shared ../../shared/bcmwifi/include ../ppr/include ../../dhd/sys";
				ZERO_LINK = NO;
			};
			name = Debug;
		};
		1DEB924908733DCA0010E9CD /* Release */ = {
			isa = XCBuildConfiguration;
			buildSettings = {
				ARCHS = "$(ARCHS_STANDARD_32_BIT)";
				COPY_PHASE_STRIP = YES;
				GCC_GENERATE_DEBUGGING_SYMBOLS = NO;
				GCC_MODEL_TUNING = G5;
				INSTALL_PATH = "$(HOME)/bin";
				LIBRARY_SEARCH_PATHS = "$(inherited)";
				MACOSX_DEPLOYMENT_TARGET = 10.9;
				"MACOSX_DEPLOYMENT_TARGET[sdk=macosx10.10]" = 10.9;
				MAC_OSX_10_7_IOKIT_INCLUDE = /Developer/SDKs/MacOSX10.7.sdk/System/Library/Frameworks/IOKit.framework/Headers;
				OTHER_CFLAGS = (
					"-DMACOSX",
					"-DSERDOWNLOAD",
					"-DOLYMPIC_RWL",
					"-DRWL_SERIAL",
					"-DRWL_SOCKET",
					"-DRDR_5905993",
					"-DMACOS_DHD_DONGLE",
				);
				"OTHER_CFLAGS[arch=*]" = (
					"-DMACOSX",
					"-DSERDOWNLOAD",
					"-DOLYMPIC_RWL",
					"-DRWL_SERIAL",
					"-DRWL_SOCKET",
					"-DRDR_5905993",
					"-DMACOS_DHD_DONGLE",
				);
				OTHER_CPLUSPLUSFLAGS = (
					"-DMACOSX",
					"-DSERDOWNLOAD",
					"-DOLYMPIC_RWL",
					"-DRWL_SERIAL",
					"-DRWL_SOCKET",
					"-DRDR_5905993",
				);
				PRODUCT_NAME = wl;
				SDKROOT = macosx10.10;
				USER_HEADER_SEARCH_PATHS = "$(MAC_OSX_10_7_IOKIT_INCLUDE) ../../include ../../dhd/macos ../../../components/shared ../../shared/bcmwifi/include ../ppr/include ../../dhd/sys";
				ZERO_LINK = NO;
			};
			name = Release;
		};
		1DEB924C08733DCA0010E9CD /* Debug */ = {
			isa = XCBuildConfiguration;
			buildSettings = {
				ARCHS = "$(ARCHS_STANDARD_32_BIT)";
				GCC_WARN_64_TO_32_BIT_CONVERSION = YES;
				GCC_WARN_ABOUT_RETURN_TYPE = YES;
				GCC_WARN_UNUSED_VARIABLE = YES;
				HEADER_SEARCH_PATHS = "";
				"HEADER_SEARCH_PATHS[arch=*]" = "";
				MACOSX_DEPLOYMENT_TARGET = 10.9;
				ONLY_ACTIVE_ARCH = YES;
				OTHER_CFLAGS = (
					OLYMPIC_RWL,
					RDR_5905993,
				);
				"OTHER_CPLUSPLUSFLAGS[arch=*]" = "$(OTHER_CFLAGS)";
				SDKROOT = macosx10.10;
				VALID_ARCHS = i386;
			};
			name = Debug;
		};
		1DEB924D08733DCA0010E9CD /* Release */ = {
			isa = XCBuildConfiguration;
			buildSettings = {
				ARCHS = "$(ARCHS_STANDARD_32_BIT)";
				GCC_WARN_64_TO_32_BIT_CONVERSION = YES;
				GCC_WARN_ABOUT_RETURN_TYPE = YES;
				GCC_WARN_UNUSED_VARIABLE = YES;
				"HEADER_SEARCH_PATHS[arch=*]" = "";
				MACOSX_DEPLOYMENT_TARGET = 10.9;
				ONLY_ACTIVE_ARCH = YES;
				OTHER_CFLAGS = (
					OLYMPIC_RWL,
					RDR_5905993,
				);
				SDKROOT = macosx10.10;
				VALID_ARCHS = i386;
			};
			name = Release;
		};
/* End XCBuildConfiguration section */

/* Begin XCConfigurationList section */
		1DEB924708733DCA0010E9CD /* Build configuration list for PBXNativeTarget "wl" */ = {
			isa = XCConfigurationList;
			buildConfigurations = (
				1DEB924808733DCA0010E9CD /* Debug */,
				1DEB924908733DCA0010E9CD /* Release */,
			);
			defaultConfigurationIsVisible = 0;
			defaultConfigurationName = Release;
		};
		1DEB924B08733DCA0010E9CD /* Build configuration list for PBXProject "wl" */ = {
			isa = XCConfigurationList;
			buildConfigurations = (
				1DEB924C08733DCA0010E9CD /* Debug */,
				1DEB924D08733DCA0010E9CD /* Release */,
			);
			defaultConfigurationIsVisible = 0;
			defaultConfigurationName = Release;
		};
/* End XCConfigurationList section */
	};
	rootObject = 08FB7793FE84155DC02AAC07 /* Project object */;
}
