<?xml version="1.0" encoding="utf-8"?>
<Project ToolsVersion="4.0" xmlns="http://schemas.microsoft.com/developer/msbuild/2003">
  <ItemGroup>
    <Filter Include="Source Files">
      <UniqueIdentifier>{71f100c2-a0e4-40ba-9288-318c36313f0b}</UniqueIdentifier>
      <Extensions>cpp;c;cxx;rc;def;r;odl;idl;hpj;bat</Extensions>
    </Filter>
    <Filter Include="Header Files">
      <UniqueIdentifier>{3218962f-6cf9-4b8c-bdc9-d740efdfb911}</UniqueIdentifier>
      <Extensions>h;hpp;hxx;hm;inl</Extensions>
    </Filter>
  </ItemGroup>
  <ItemGroup>
    <ClCompile Include="driveloader.c">
      <Filter>Source Files</Filter>
    </ClCompile>
    <ClCompile Include="epictrl.c">
      <Filter>Source Files</Filter>
    </ClCompile>
    <ClCompile Include="ir.c">
      <Filter>Source Files</Filter>
    </ClCompile>
    <ClCompile Include="ir_wmi.c">
      <Filter>Source Files</Filter>
    </ClCompile>
    <ClCompile Include="irhelper.c">
      <Filter>Source Files</Filter>
    </ClCompile>
    <ClCompile Include="regnt4.c">
      <Filter>Source Files</Filter>
    </ClCompile>
    <ClCompile Include="win9x2k.c">
      <Filter>Source Files</Filter>
    </ClCompile>
  </ItemGroup>
  <ItemGroup>
    <None Include="epictrl.def">
      <Filter>Source Files</Filter>
    </None>
  </ItemGroup>
  <ItemGroup>
    <ResourceCompile Include="version.rc">
      <Filter>Source Files</Filter>
    </ResourceCompile>
  </ItemGroup>
  <ItemGroup>
    <ClInclude Include="ir_wmi.h">
      <Filter>Header Files</Filter>
    </ClInclude>
    <ClInclude Include="wmiprocs.h">
      <Filter>Header Files</Filter>
    </ClInclude>
  </ItemGroup>
</Project>