
Microsoft Visual Studio Solution File, Format Version 9.00
# Visual Studio 2005
Project("{8BC9CEB8-8B4A-11D0-8D11-00A0C91BC942}") = "MfgTestApi", "wlmfd\wlmfd.vcproj", "{A917CF9B-E49D-4608-8084-FFDA8B7F922A}"
EndProject
Project("{8BC9CEB8-8B4A-11D0-8D11-00A0C91BC942}") = "MfgTest", "mfgtest\mfgtestExe.vcproj", "{F2AD87B3-B701-4BE0-BECF-63DC42DDFF22}"
	ProjectSection(ProjectDependencies) = postProject
		{A917CF9B-E49D-4608-8084-FFDA8B7F922A} = {A917CF9B-E49D-4608-8084-FFDA8B7F922A}
	EndProjectSection
EndProject
Project("{8BC9CEB8-8B4A-11D0-8D11-00A0C91BC942}") = "MfgTestLGE", "customer\lge\mfgtestLGE\mfgtestExeLGE.vcproj", "{E01CA9F6-483F-4E7F-9063-3EE6477E4E75}"
	ProjectSection(ProjectDependencies) = postProject
		{4CF2F4D9-3992-49D6-BAD3-B4953F93763E} = {4CF2F4D9-3992-49D6-BAD3-B4953F93763E}
	EndProjectSection
EndProject
Project("{8BC9CEB8-8B4A-11D0-8D11-00A0C91BC942}") = "MfgTestLibLGE", "customer\lge\mfgtestLibLGE\mfgtestLibLGE.vcproj", "{4CF2F4D9-3992-49D6-BAD3-B4953F93763E}"
	ProjectSection(ProjectDependencies) = postProject
		{A917CF9B-E49D-4608-8084-FFDA8B7F922A} = {A917CF9B-E49D-4608-8084-FFDA8B7F922A}
	EndProjectSection
EndProject
Global
	GlobalSection(SolutionConfigurationPlatforms) = preSolution
		Debug|Win32 = Debug|Win32
		Release|Win32 = Release|Win32
	EndGlobalSection
	GlobalSection(ProjectConfigurationPlatforms) = postSolution
		{A917CF9B-E49D-4608-8084-FFDA8B7F922A}.Debug|Win32.ActiveCfg = Debug|Win32
		{A917CF9B-E49D-4608-8084-FFDA8B7F922A}.Debug|Win32.Build.0 = Debug|Win32
		{A917CF9B-E49D-4608-8084-FFDA8B7F922A}.Release|Win32.ActiveCfg = Release|Win32
		{A917CF9B-E49D-4608-8084-FFDA8B7F922A}.Release|Win32.Build.0 = Release|Win32
		{F2AD87B3-B701-4BE0-BECF-63DC42DDFF22}.Debug|Win32.ActiveCfg = Debug|Win32
		{F2AD87B3-B701-4BE0-BECF-63DC42DDFF22}.Debug|Win32.Build.0 = Debug|Win32
		{F2AD87B3-B701-4BE0-BECF-63DC42DDFF22}.Release|Win32.ActiveCfg = Release|Win32
		{F2AD87B3-B701-4BE0-BECF-63DC42DDFF22}.Release|Win32.Build.0 = Release|Win32
		{E01CA9F6-483F-4E7F-9063-3EE6477E4E75}.Debug|Win32.ActiveCfg = Debug|Win32
		{E01CA9F6-483F-4E7F-9063-3EE6477E4E75}.Debug|Win32.Build.0 = Debug|Win32
		{E01CA9F6-483F-4E7F-9063-3EE6477E4E75}.Release|Win32.ActiveCfg = Release|Win32
		{E01CA9F6-483F-4E7F-9063-3EE6477E4E75}.Release|Win32.Build.0 = Release|Win32
		{4CF2F4D9-3992-49D6-BAD3-B4953F93763E}.Debug|Win32.ActiveCfg = Debug|Win32
		{4CF2F4D9-3992-49D6-BAD3-B4953F93763E}.Debug|Win32.Build.0 = Debug|Win32
		{4CF2F4D9-3992-49D6-BAD3-B4953F93763E}.Release|Win32.ActiveCfg = Release|Win32
		{4CF2F4D9-3992-49D6-BAD3-B4953F93763E}.Release|Win32.Build.0 = Release|Win32
	EndGlobalSection
	GlobalSection(SolutionProperties) = preSolution
		HideSolutionNode = FALSE
	EndGlobalSection
EndGlobal
