Microsoft Visual Studio Solution File, Format Version 10.00
# Visual Studio 2008
Project("{8BC9CEB8-8B4A-11D0-8D11-00A0C91BC942}") = "dlgtest", "dlgtest_vs08.vcproj", "{C943A9C1-2F42-49D0-819A-A35F06E5D488}"
EndProject
Global
	GlobalSection(SolutionConfigurationPlatforms) = preSolution
		Debug|Win32 = Debug|Win32
		Release|Win32 = Release|Win32
	EndGlobalSection
	GlobalSection(ProjectConfigurationPlatforms) = postSolution
		{C943A9C1-2F42-49D0-819A-A35F06E5D488}.Debug|Win32.ActiveCfg = Debug|Win32
		{C943A9C1-2F42-49D0-819A-A35F06E5D488}.Debug|Win32.Build.0 = Debug|Win32
		{C943A9C1-2F42-49D0-819A-A35F06E5D488}.Release|Win32.ActiveCfg = Release|Win32
		{C943A9C1-2F42-49D0-819A-A35F06E5D488}.Release|Win32.Build.0 = Release|Win32
	EndGlobalSection
	GlobalSection(SolutionProperties) = preSolution
		HideSolutionNode = FALSE
	EndGlobalSection
EndGlobal
